// !$*UTF8*$!
{
	archiveVersion = 1;
	classes = {
	};
	objectVersion = 56;
	objects = {

/* Begin PBXBuildFile section */
		960FDD942A512D120071A019 /* Models.swift in Sources */ = {isa = PBXBuildFile; fileRef = 960FDD932A512D110071A019 /* Models.swift */; };
		AB920B5F2A3C05FE0057CED9 /* SwiftUI_Animated_Carousel_With_Material_EffectApp.swift in Sources */ = {isa = PBXBuildFile; fileRef = AB920B5E2A3C05FE0057CED9 /* SwiftUI_Animated_Carousel_With_Material_EffectApp.swift */; };
		AB920B612A3C05FE0057CED9 /* ContentView.swift in Sources */ = {isa = PBXBuildFile; fileRef = AB920B602A3C05FE0057CED9 /* ContentView.swift */; };
		AB920B632A3C05FF0057CED9 /* Assets.xcassets in Resources */ = {isa = PBXBuildFile; fileRef = AB920B622A3C05FF0057CED9 /* Assets.xcassets */; };
		AB920B662A3C05FF0057CED9 /* Preview Assets.xcassets in Resources */ = {isa = PBXBuildFile; fileRef = AB920B652A3C05FF0057CED9 /* Preview Assets.xcassets */; };
		AB920B6F2A3C06ED0057CED9 /* CustomTabBar.swift in Sources */ = {isa = PBXBuildFile; fileRef = AB920B6E2A3C06ED0057CED9 /* CustomTabBar.swift */; };
		AB921E7B2A3C0C330057CED9 /* ForYou.swift in Sources */ = {isa = PBXBuildFile; fileRef = AB921E7A2A3C0C330057CED9 /* ForYou.swift */; };
		AB921E7D2A3C41290057CED9 /* VerticalCarouselList.swift in Sources */ = {isa = PBXBuildFile; fileRef = AB921E7C2A3C41290057CED9 /* VerticalCarouselList.swift */; };
/* End PBXBuildFile section */

/* Begin PBXFileReference section */
		960FDD932A512D110071A019 /* Models.swift */ = {isa = PBXFileReference; lastKnownFileType = sourcecode.swift; path = Models.swift; sourceTree = "<group>"; };
		AB920B5B2A3C05FE0057CED9 /* SwiftUI Animated Carousel With Material Effect.app */ = {isa = PBXFileReference; explicitFileType = wrapper.application; includeInIndex = 0; path = "SwiftUI Animated Carousel With Material Effect.app"; sourceTree = BUILT_PRODUCTS_DIR; };
		AB920B5E2A3C05FE0057CED9 /* SwiftUI_Animated_Carousel_With_Material_EffectApp.swift */ = {isa = PBXFileReference; lastKnownFileType = sourcecode.swift; path = SwiftUI_Animated_Carousel_With_Material_EffectApp.swift; sourceTree = "<group>"; };
		AB920B602A3C05FE0057CED9 /* ContentView.swift */ = {isa = PBXFileReference; lastKnownFileType = sourcecode.swift; path = ContentView.swift; sourceTree = "<group>"; };
		AB920B622A3C05FF0057CED9 /* Assets.xcassets */ = {isa = PBXFileReference; lastKnownFileType = folder.assetcatalog; path = Assets.xcassets; sourceTree = "<group>"; };
		AB920B652A3C05FF0057CED9 /* Preview Assets.xcassets */ = {isa = PBXFileReference; lastKnownFileType = folder.assetcatalog; path = "Preview Assets.xcassets"; sourceTree = "<group>"; };
		AB920B6E2A3C06ED0057CED9 /* CustomTabBar.swift */ = {isa = PBXFileReference; lastKnownFileType = sourcecode.swift; path = CustomTabBar.swift; sourceTree = "<group>"; };
		AB921E7A2A3C0C330057CED9 /* ForYou.swift */ = {isa = PBXFileReference; lastKnownFileType = sourcecode.swift; path = ForYou.swift; sourceTree = "<group>"; };
		AB921E7C2A3C41290057CED9 /* VerticalCarouselList.swift */ = {isa = PBXFileReference; lastKnownFileType = sourcecode.swift; path = VerticalCarouselList.swift; sourceTree = "<group>"; };
/* End PBXFileReference section */

/* Begin PBXFrameworksBuildPhase section */
		AB920B582A3C05FE0057CED9 /* Frameworks */ = {
			isa = PBXFrameworksBuildPhase;
			buildActionMask = 2147483647;
			files = (
			);
			runOnlyForDeploymentPostprocessing = 0;
		};
/* End PBXFrameworksBuildPhase section */

/* Begin PBXGroup section */
		AB920B522A3C05FE0057CED9 = {
			isa = PBXGroup;
			children = (
				AB920B5D2A3C05FE0057CED9 /* SwiftUI Animated Carousel With Material Effect */,
				AB920B5C2A3C05FE0057CED9 /* Products */,
			);
			sourceTree = "<group>";
		};
		AB920B5C2A3C05FE0057CED9 /* Products */ = {
			isa = PBXGroup;
			children = (
				AB920B5B2A3C05FE0057CED9 /* SwiftUI Animated Carousel With Material Effect.app */,
			);
			name = Products;
			sourceTree = "<group>";
		};
		AB920B5D2A3C05FE0057CED9 /* SwiftUI Animated Carousel With Material Effect */ = {
			isa = PBXGroup;
			children = (
				AB920B6D2A3C06410057CED9 /* model */,
				AB920B6C2A3C063C0057CED9 /* view */,
				AB920B5E2A3C05FE0057CED9 /* SwiftUI_Animated_Carousel_With_Material_EffectApp.swift */,
				AB920B602A3C05FE0057CED9 /* ContentView.swift */,
				AB920B622A3C05FF0057CED9 /* Assets.xcassets */,
				AB920B642A3C05FF0057CED9 /* Preview Content */,
				AB921E7A2A3C0C330057CED9 /* ForYou.swift */,
			);
			path = "SwiftUI Animated Carousel With Material Effect";
			sourceTree = "<group>";
		};
		AB920B642A3C05FF0057CED9 /* Preview Content */ = {
			isa = PBXGroup;
			children = (
				AB920B652A3C05FF0057CED9 /* Preview Assets.xcassets */,
			);
			path = "Preview Content";
			sourceTree = "<group>";
		};
		AB920B6C2A3C063C0057CED9 /* view */ = {
			isa = PBXGroup;
			children = (
				AB920B6E2A3C06ED0057CED9 /* CustomTabBar.swift */,
				AB921E7C2A3C41290057CED9 /* VerticalCarouselList.swift */,
			);
			path = view;
			sourceTree = "<group>";
		};
		AB920B6D2A3C06410057CED9 /* model */ = {
			isa = PBXGroup;
			children = (
				960FDD932A512D110071A019 /* Models.swift */,
			);
			path = model;
			sourceTree = "<group>";
		};
/* End PBXGroup section */

/* Begin PBXNativeTarget section */
		AB920B5A2A3C05FE0057CED9 /* SwiftUI Animated Carousel With Material Effect */ = {
			isa = PBXNativeTarget;
			buildConfigurationList = AB920B692A3C05FF0057CED9 /* Build configuration list for PBXNativeTarget "SwiftUI Animated Carousel With Material Effect" */;
			buildPhases = (
				AB920B572A3C05FE0057CED9 /* Sources */,
				AB920B582A3C05FE0057CED9 /* Frameworks */,
				AB920B592A3C05FE0057CED9 /* Resources */,
			);
			buildRules = (
			);
			dependencies = (
			);
			name = "SwiftUI Animated Carousel With Material Effect";
			productName = "SwiftUI Animated Carousel With Material Effect";
			productReference = AB920B5B2A3C05FE0057CED9 /* SwiftUI Animated Carousel With Material Effect.app */;
			productType = "com.apple.product-type.application";
		};
/* End PBXNativeTarget section */

/* Begin PBXProject section */
		AB920B532A3C05FE0057CED9 /* Project object */ = {
			isa = PBXProject;
			attributes = {
				BuildIndependentTargetsInParallel = 1;
				LastSwiftUpdateCheck = 1430;
				LastUpgradeCheck = 1430;
				TargetAttributes = {
					AB920B5A2A3C05FE0057CED9 = {
						CreatedOnToolsVersion = 14.3.1;
					};
				};
			};
			buildConfigurationList = AB920B562A3C05FE0057CED9 /* Build configuration list for PBXProject "SwiftUI Animated Carousel With Material Effect" */;
			compatibilityVersion = "Xcode 14.0";
			developmentRegion = en;
			hasScannedForEncodings = 0;
			knownRegions = (
				en,
				Base,
			);
			mainGroup = AB920B522A3C05FE0057CED9;
			productRefGroup = AB920B5C2A3C05FE0057CED9 /* Products */;
			projectDirPath = "";
			projectRoot = "";
			targets = (
				AB920B5A2A3C05FE0057CED9 /* SwiftUI Animated Carousel With Material Effect */,
			);
		};
/* End PBXProject section */

/* Begin PBXResourcesBuildPhase section */
		AB920B592A3C05FE0057CED9 /* Resources */ = {
			isa = PBXResourcesBuildPhase;
			buildActionMask = 2147483647;
			files = (
				AB920B662A3C05FF0057CED9 /* Preview Assets.xcassets in Resources */,
				AB920B632A3C05FF0057CED9 /* Assets.xcassets in Resources */,
			);
			runOnlyForDeploymentPostprocessing = 0;
		};
/* End PBXResourcesBuildPhase section */

/* Begin PBXSourcesBuildPhase section */
		AB920B572A3C05FE0057CED9 /* Sources */ = {
			isa = PBXSourcesBuildPhase;
			buildActionMask = 2147483647;
			files = (
				AB921E7D2A3C41290057CED9 /* VerticalCarouselList.swift in Sources */,
				AB920B612A3C05FE0057CED9 /* ContentView.swift in Sources */,
				AB920B6F2A3C06ED0057CED9 /* CustomTabBar.swift in Sources */,
				960FDD942A512D120071A019 /* Models.swift in Sources */,
				AB920B5F2A3C05FE0057CED9 /* SwiftUI_Animated_Carousel_With_Material_EffectApp.swift in Sources */,
				AB921E7B2A3C0C330057CED9 /* ForYou.swift in Sources */,
			);
			runOnlyForDeploymentPostprocessing = 0;
		};
/* End PBXSourcesBuildPhase section */

/* Begin XCBuildConfiguration section */
		AB920B672A3C05FF0057CED9 /* Debug */ = {
			isa = XCBuildConfiguration;
			buildSettings = {
				ALWAYS_SEARCH_USER_PATHS = NO;
				CLANG_ANALYZER_NONNULL = YES;
				CLANG_ANALYZER_NUMBER_OBJECT_CONVERSION = YES_AGGRESSIVE;
				CLANG_CXX_LANGUAGE_STANDARD = "gnu++20";
				CLANG_ENABLE_MODULES = YES;
				CLANG_ENABLE_OBJC_ARC = YES;
				CLANG_ENABLE_OBJC_WEAK = YES;
				CLANG_WARN_BLOCK_CAPTURE_AUTORELEASING = YES;
				CLANG_WARN_BOOL_CONVERSION = YES;
				CLANG_WARN_COMMA = YES;
				CLANG_WARN_CONSTANT_CONVERSION = YES;
				CLANG_WARN_DEPRECATED_OBJC_IMPLEMENTATIONS = YES;
				CLANG_WARN_DIRECT_OBJC_ISA_USAGE = YES_ERROR;
				CLANG_WARN_DOCUMENTATION_COMMENTS = YES;
				CLANG_WARN_EMPTY_BODY = YES;
				CLANG_WARN_ENUM_CONVERSION = YES;
				CLANG_WARN_INFINITE_RECURSION = YES;
				CLANG_WARN_INT_CONVERSION = YES;
				CLANG_WARN_NON_LITERAL_NULL_CONVERSION = YES;
				CLANG_WARN_OBJC_IMPLICIT_RETAIN_SELF = YES;
				CLANG_WARN_OBJC_LITERAL_CONVERSION = YES;
				CLANG_WARN_OBJC_ROOT_CLASS = YES_ERROR;
				CLANG_WARN_QUOTED_INCLUDE_IN_FRAMEWORK_HEADER = YES;
				CLANG_WARN_RANGE_LOOP_ANALYSIS = YES;
				CLANG_WARN_STRICT_PROTOTYPES = YES;
				CLANG_WARN_SUSPICIOUS_MOVE = YES;
				CLANG_WARN_UNGUARDED_AVAILABILITY = YES_AGGRESSIVE;
				CLANG_WARN_UNREACHABLE_CODE = YES;
				CLANG_WARN__DUPLICATE_METHOD_MATCH = YES;
				COPY_PHASE_STRIP = NO;
				DEBUG_INFORMATION_FORMAT = dwarf;
				ENABLE_STRICT_OBJC_MSGSEND = YES;
				ENABLE_TESTABILITY = YES;
				GCC_C_LANGUAGE_STANDARD = gnu11;
				GCC_DYNAMIC_NO_PIC = NO;
				GCC_NO_COMMON_BLOCKS = YES;
				GCC_OPTIMIZATION_LEVEL = 0;
				GCC_PREPROCESSOR_DEFINITIONS = (
					"DEBUG=1",
					"$(inherited)",
				);
				GCC_WARN_64_TO_32_BIT_CONVERSION = YES;
				GCC_WARN_ABOUT_RETURN_TYPE = YES_ERROR;
				GCC_WARN_UNDECLARED_SELECTOR = YES;
				GCC_WARN_UNINITIALIZED_AUTOS = YES_AGGRESSIVE;
				GCC_WARN_UNUSED_FUNCTION = YES;
				GCC_WARN_UNUSED_VARIABLE = YES;
				IPHONEOS_DEPLOYMENT_TARGET = 16.4;
				MTL_ENABLE_DEBUG_INFO = INCLUDE_SOURCE;
				MTL_FAST_MATH = YES;
				ONLY_ACTIVE_ARCH = YES;
				SDKROOT = iphoneos;
				SWIFT_ACTIVE_COMPILATION_CONDITIONS = DEBUG;
				SWIFT_OPTIMIZATION_LEVEL = "-Onone";
			};
			name = Debug;
		};
		AB920B682A3C05FF0057CED9 /* Release */ = {
			isa = XCBuildConfiguration;
			buildSettings = {
				ALWAYS_SEARCH_USER_PATHS = NO;
				CLANG_ANALYZER_NONNULL = YES;
				CLANG_ANALYZER_NUMBER_OBJECT_CONVERSION = YES_AGGRESSIVE;
				CLANG_CXX_LANGUAGE_STANDARD = "gnu++20";
				CLANG_ENABLE_MODULES = YES;
				CLANG_ENABLE_OBJC_ARC = YES;
				CLANG_ENABLE_OBJC_WEAK = YES;
				CLANG_WARN_BLOCK_CAPTURE_AUTORELEASING = YES;
				CLANG_WARN_BOOL_CONVERSION = YES;
				CLANG_WARN_COMMA = YES;
				CLANG_WARN_CONSTANT_CONVERSION = YES;
				CLANG_WARN_DEPRECATED_OBJC_IMPLEMENTATIONS = YES;
				CLANG_WARN_DIRECT_OBJC_ISA_USAGE = YES_ERROR;
				CLANG_WARN_DOCUMENTATION_COMMENTS = YES;
				CLANG_WARN_EMPTY_BODY = YES;
				CLANG_WARN_ENUM_CONVERSION = YES;
				CLANG_WARN_INFINITE_RECURSION = YES;
				CLANG_WARN_INT_CONVERSION = YES;
				CLANG_WARN_NON_LITERAL_NULL_CONVERSION = YES;
				CLANG_WARN_OBJC_IMPLICIT_RETAIN_SELF = YES;
				CLANG_WARN_OBJC_LITERAL_CONVERSION = YES;
				CLANG_WARN_OBJC_ROOT_CLASS = YES_ERROR;
				CLANG_WARN_QUOTED_INCLUDE_IN_FRAMEWORK_HEADER = YES;
				CLANG_WARN_RANGE_LOOP_ANALYSIS = YES;
				CLANG_WARN_STRICT_PROTOTYPES = YES;
				CLANG_WARN_SUSPICIOUS_MOVE = YES;
				CLANG_WARN_UNGUARDED_AVAILABILITY = YES_AGGRESSIVE;
				CLANG_WARN_UNREACHABLE_CODE = YES;
				CLANG_WARN__DUPLICATE_METHOD_MATCH = YES;
				COPY_PHASE_STRIP = NO;
				DEBUG_INFORMATION_FORMAT = "dwarf-with-dsym";
				ENABLE_NS_ASSERTIONS = NO;
				ENABLE_STRICT_OBJC_MSGSEND = YES;
				GCC_C_LANGUAGE_STANDARD = gnu11;
				GCC_NO_COMMON_BLOCKS = YES;
				GCC_WARN_64_TO_32_BIT_CONVERSION = YES;
				GCC_WARN_ABOUT_RETURN_TYPE = YES_ERROR;
				GCC_WARN_UNDECLARED_SELECTOR = YES;
				GCC_WARN_UNINITIALIZED_AUTOS = YES_AGGRESSIVE;
				GCC_WARN_UNUSED_FUNCTION = YES;
				GCC_WARN_UNUSED_VARIABLE = YES;
				IPHONEOS_DEPLOYMENT_TARGET = 16.4;
				MTL_ENABLE_DEBUG_INFO = NO;
				MTL_FAST_MATH = YES;
				SDKROOT = iphoneos;
				SWIFT_COMPILATION_MODE = wholemodule;
				SWIFT_OPTIMIZATION_LEVEL = "-O";
				VALIDATE_PRODUCT = YES;
			};
			name = Release;
		};
		AB920B6A2A3C05FF0057CED9 /* Debug */ = {
			isa = XCBuildConfiguration;
			buildSettings = {
				ASSETCATALOG_COMPILER_APPICON_NAME = AppIcon;
				ASSETCATALOG_COMPILER_GLOBAL_ACCENT_COLOR_NAME = AccentColor;
				CODE_SIGN_STYLE = Automatic;
				CURRENT_PROJECT_VERSION = 1;
				DEVELOPMENT_ASSET_PATHS = "\"SwiftUI Animated Carousel With Material Effect/Preview Content\"";
				DEVELOPMENT_TEAM = 8PVXGGTSPW;
				ENABLE_PREVIEWS = YES;
				GENERATE_INFOPLIST_FILE = YES;
				INFOPLIST_KEY_UIApplicationSceneManifest_Generation = YES;
				INFOPLIST_KEY_UIApplicationSupportsIndirectInputEvents = YES;
				INFOPLIST_KEY_UILaunchScreen_Generation = YES;
				INFOPLIST_KEY_UISupportedInterfaceOrientations_iPad = "UIInterfaceOrientationPortrait UIInterfaceOrientationPortraitUpsideDown UIInterfaceOrientationLandscapeLeft UIInterfaceOrientationLandscapeRight";
				INFOPLIST_KEY_UISupportedInterfaceOrientations_iPhone = "UIInterfaceOrientationPortrait UIInterfaceOrientationLandscapeLeft UIInterfaceOrientationLandscapeRight";
				LD_RUNPATH_SEARCH_PATHS = (
					"$(inherited)",
					"@executable_path/Frameworks",
				);
				MARKETING_VERSION = 1.0;
				PRODUCT_BUNDLE_IDENTIFIER = "com.yonglekeji.SwiftUI-Animated-Carousel-With-Material-Effect";
				PRODUCT_NAME = "$(TARGET_NAME)";
				SWIFT_EMIT_LOC_STRINGS = YES;
				SWIFT_VERSION = 5.0;
				TARGETED_DEVICE_FAMILY = "1,2";
			};
			name = Debug;
		};
		AB920B6B2A3C05FF0057CED9 /* Release */ = {
			isa = XCBuildConfiguration;
			buildSettings = {
				ASSETCATALOG_COMPILER_APPICON_NAME = AppIcon;
				ASSETCATALOG_COMPILER_GLOBAL_ACCENT_COLOR_NAME = AccentColor;
				CODE_SIGN_STYLE = Automatic;
				CURRENT_PROJECT_VERSION = 1;
				DEVELOPMENT_ASSET_PATHS = "\"SwiftUI Animated Carousel With Material Effect/Preview Content\"";
				DEVELOPMENT_TEAM = 8PVXGGTSPW;
				ENABLE_PREVIEWS = YES;
				GENERATE_INFOPLIST_FILE = YES;
				INFOPLIST_KEY_UIApplicationSceneManifest_Generation = YES;
				INFOPLIST_KEY_UIApplicationSupportsIndirectInputEvents = YES;
				INFOPLIST_KEY_UILaunchScreen_Generation = YES;
				INFOPLIST_KEY_UISupportedInterfaceOrientations_iPad = "UIInterfaceOrientationPortrait UIInterfaceOrientationPortraitUpsideDown UIInterfaceOrientationLandscapeLeft UIInterfaceOrientationLandscapeRight";
				INFOPLIST_KEY_UISupportedInterfaceOrientations_iPhone = "UIInterfaceOrientationPortrait UIInterfaceOrientationLandscapeLeft UIInterfaceOrientationLandscapeRight";
				LD_RUNPATH_SEARCH_PATHS = (
					"$(inherited)",
					"@executable_path/Frameworks",
				);
				MARKETING_VERSION = 1.0;
				PRODUCT_BUNDLE_IDENTIFIER = "com.yonglekeji.SwiftUI-Animated-Carousel-With-Material-Effect";
				PRODUCT_NAME = "$(TARGET_NAME)";
				SWIFT_EMIT_LOC_STRINGS = YES;
				SWIFT_VERSION = 5.0;
				TARGETED_DEVICE_FAMILY = "1,2";
			};
			name = Release;
		};
/* End XCBuildConfiguration section */

/* Begin XCConfigurationList section */
		AB920B562A3C05FE0057CED9 /* Build configuration list for PBXProject "SwiftUI Animated Carousel With Material Effect" */ = {
			isa = XCConfigurationList;
			buildConfigurations = (
				AB920B672A3C05FF0057CED9 /* Debug */,
				AB920B682A3C05FF0057CED9 /* Release */,
			);
			defaultConfigurationIsVisible = 0;
			defaultConfigurationName = Release;
		};
		AB920B692A3C05FF0057CED9 /* Build configuration list for PBXNativeTarget "SwiftUI Animated Carousel With Material Effect" */ = {
			isa = XCConfigurationList;
			buildConfigurations = (
				AB920B6A2A3C05FF0057CED9 /* Debug */,
				AB920B6B2A3C05FF0057CED9 /* Release */,
			);
			defaultConfigurationIsVisible = 0;
			defaultConfigurationName = Release;
		};
/* End XCConfigurationList section */
	};
	rootObject = AB920B532A3C05FE0057CED9 /* Project object */;
}
