// !$*UTF8*$!
{
	archiveVersion = 1;
	classes = {
	};
	objectVersion = 56;
	objects = {

/* Begin PBXBuildFile section */
		962380B02A5ADA3A00B16C4E /* A_14_Meeting_App_UIApp.swift in Sources */ = {isa = PBXBuildFile; fileRef = 962380AF2A5ADA3A00B16C4E /* A_14_Meeting_App_UIApp.swift */; };
		962380B22A5ADA3A00B16C4E /* ContentView.swift in Sources */ = {isa = PBXBuildFile; fileRef = 962380B12A5ADA3A00B16C4E /* ContentView.swift */; };
		962380B42A5ADA3B00B16C4E /* Assets.xcassets in Resources */ = {isa = PBXBuildFile; fileRef = 962380B32A5ADA3B00B16C4E /* Assets.xcassets */; };
		962380B72A5ADA3B00B16C4E /* Preview Assets.xcassets in Resources */ = {isa = PBXBuildFile; fileRef = 962380B62A5ADA3B00B16C4E /* Preview Assets.xcassets */; };
		962380C22A5ADA8600B16C4E /* Home.swift in Sources */ = {isa = PBXBuildFile; fileRef = 962380C12A5ADA8600B16C4E /* Home.swift */; };
		962380C42A5ADD0900B16C4E /* Tab.swift in Sources */ = {isa = PBXBuildFile; fileRef = 962380C32A5ADD0900B16C4E /* Tab.swift */; };
		962380C62A5ADEA700B16C4E /* Meeting.swift in Sources */ = {isa = PBXBuildFile; fileRef = 962380C52A5ADEA700B16C4E /* Meeting.swift */; };
		962380C82A5ADEF300B16C4E /* HomeViewModel.swift in Sources */ = {isa = PBXBuildFile; fileRef = 962380C72A5ADEF300B16C4E /* HomeViewModel.swift */; };
		962380CA2A5ADFB600B16C4E /* MeetingCardView.swift in Sources */ = {isa = PBXBuildFile; fileRef = 962380C92A5ADFB600B16C4E /* MeetingCardView.swift */; };
		962380CC2A5AECD100B16C4E /* AddNewMeeting.swift in Sources */ = {isa = PBXBuildFile; fileRef = 962380CB2A5AECD100B16C4E /* AddNewMeeting.swift */; };
/* End PBXBuildFile section */

/* Begin PBXFileReference section */
		962380AC2A5ADA3A00B16C4E /* A_14_Meeting App UI.app */ = {isa = PBXFileReference; explicitFileType = wrapper.application; includeInIndex = 0; path = "A_14_Meeting App UI.app"; sourceTree = BUILT_PRODUCTS_DIR; };
		962380AF2A5ADA3A00B16C4E /* A_14_Meeting_App_UIApp.swift */ = {isa = PBXFileReference; lastKnownFileType = sourcecode.swift; path = A_14_Meeting_App_UIApp.swift; sourceTree = "<group>"; };
		962380B12A5ADA3A00B16C4E /* ContentView.swift */ = {isa = PBXFileReference; lastKnownFileType = sourcecode.swift; path = ContentView.swift; sourceTree = "<group>"; };
		962380B32A5ADA3B00B16C4E /* Assets.xcassets */ = {isa = PBXFileReference; lastKnownFileType = folder.assetcatalog; path = Assets.xcassets; sourceTree = "<group>"; };
		962380B62A5ADA3B00B16C4E /* Preview Assets.xcassets */ = {isa = PBXFileReference; lastKnownFileType = folder.assetcatalog; path = "Preview Assets.xcassets"; sourceTree = "<group>"; };
		962380C12A5ADA8600B16C4E /* Home.swift */ = {isa = PBXFileReference; lastKnownFileType = sourcecode.swift; path = Home.swift; sourceTree = "<group>"; };
		962380C32A5ADD0900B16C4E /* Tab.swift */ = {isa = PBXFileReference; lastKnownFileType = sourcecode.swift; path = Tab.swift; sourceTree = "<group>"; };
		962380C52A5ADEA700B16C4E /* Meeting.swift */ = {isa = PBXFileReference; lastKnownFileType = sourcecode.swift; path = Meeting.swift; sourceTree = "<group>"; };
		962380C72A5ADEF300B16C4E /* HomeViewModel.swift */ = {isa = PBXFileReference; lastKnownFileType = sourcecode.swift; path = HomeViewModel.swift; sourceTree = "<group>"; };
		962380C92A5ADFB600B16C4E /* MeetingCardView.swift */ = {isa = PBXFileReference; lastKnownFileType = sourcecode.swift; path = MeetingCardView.swift; sourceTree = "<group>"; };
		962380CB2A5AECD100B16C4E /* AddNewMeeting.swift */ = {isa = PBXFileReference; lastKnownFileType = sourcecode.swift; path = AddNewMeeting.swift; sourceTree = "<group>"; };
/* End PBXFileReference section */

/* Begin PBXFrameworksBuildPhase section */
		962380A92A5ADA3A00B16C4E /* Frameworks */ = {
			isa = PBXFrameworksBuildPhase;
			buildActionMask = 2147483647;
			files = (
			);
			runOnlyForDeploymentPostprocessing = 0;
		};
/* End PBXFrameworksBuildPhase section */

/* Begin PBXGroup section */
		962380A32A5ADA3A00B16C4E = {
			isa = PBXGroup;
			children = (
				962380AE2A5ADA3A00B16C4E /* A_14_Meeting App UI */,
				962380AD2A5ADA3A00B16C4E /* Products */,
			);
			sourceTree = "<group>";
		};
		962380AD2A5ADA3A00B16C4E /* Products */ = {
			isa = PBXGroup;
			children = (
				962380AC2A5ADA3A00B16C4E /* A_14_Meeting App UI.app */,
			);
			name = Products;
			sourceTree = "<group>";
		};
		962380AE2A5ADA3A00B16C4E /* A_14_Meeting App UI */ = {
			isa = PBXGroup;
			children = (
				962380C02A5ADA7E00B16C4E /* viewmodel */,
				962380BF2A5ADA7900B16C4E /* components */,
				962380BE2A5ADA4C00B16C4E /* model */,
				962380BD2A5ADA4800B16C4E /* view */,
				962380AF2A5ADA3A00B16C4E /* A_14_Meeting_App_UIApp.swift */,
				962380B12A5ADA3A00B16C4E /* ContentView.swift */,
				962380B32A5ADA3B00B16C4E /* Assets.xcassets */,
				962380B52A5ADA3B00B16C4E /* Preview Content */,
			);
			path = "A_14_Meeting App UI";
			sourceTree = "<group>";
		};
		962380B52A5ADA3B00B16C4E /* Preview Content */ = {
			isa = PBXGroup;
			children = (
				962380B62A5ADA3B00B16C4E /* Preview Assets.xcassets */,
			);
			path = "Preview Content";
			sourceTree = "<group>";
		};
		962380BD2A5ADA4800B16C4E /* view */ = {
			isa = PBXGroup;
			children = (
				962380C12A5ADA8600B16C4E /* Home.swift */,
				962380CB2A5AECD100B16C4E /* AddNewMeeting.swift */,
			);
			path = view;
			sourceTree = "<group>";
		};
		962380BE2A5ADA4C00B16C4E /* model */ = {
			isa = PBXGroup;
			children = (
				962380C32A5ADD0900B16C4E /* Tab.swift */,
				962380C52A5ADEA700B16C4E /* Meeting.swift */,
			);
			path = model;
			sourceTree = "<group>";
		};
		962380BF2A5ADA7900B16C4E /* components */ = {
			isa = PBXGroup;
			children = (
				962380C92A5ADFB600B16C4E /* MeetingCardView.swift */,
			);
			path = components;
			sourceTree = "<group>";
		};
		962380C02A5ADA7E00B16C4E /* viewmodel */ = {
			isa = PBXGroup;
			children = (
				962380C72A5ADEF300B16C4E /* HomeViewModel.swift */,
			);
			path = viewmodel;
			sourceTree = "<group>";
		};
/* End PBXGroup section */

/* Begin PBXNativeTarget section */
		962380AB2A5ADA3A00B16C4E /* A_14_Meeting App UI */ = {
			isa = PBXNativeTarget;
			buildConfigurationList = 962380BA2A5ADA3B00B16C4E /* Build configuration list for PBXNativeTarget "A_14_Meeting App UI" */;
			buildPhases = (
				962380A82A5ADA3A00B16C4E /* Sources */,
				962380A92A5ADA3A00B16C4E /* Frameworks */,
				962380AA2A5ADA3A00B16C4E /* Resources */,
			);
			buildRules = (
			);
			dependencies = (
			);
			name = "A_14_Meeting App UI";
			productName = "A_14_Meeting App UI";
			productReference = 962380AC2A5ADA3A00B16C4E /* A_14_Meeting App UI.app */;
			productType = "com.apple.product-type.application";
		};
/* End PBXNativeTarget section */

/* Begin PBXProject section */
		962380A42A5ADA3A00B16C4E /* Project object */ = {
			isa = PBXProject;
			attributes = {
				BuildIndependentTargetsInParallel = 1;
				LastSwiftUpdateCheck = 1430;
				LastUpgradeCheck = 1430;
				TargetAttributes = {
					962380AB2A5ADA3A00B16C4E = {
						CreatedOnToolsVersion = 14.3.1;
					};
				};
			};
			buildConfigurationList = 962380A72A5ADA3A00B16C4E /* Build configuration list for PBXProject "A_14_Meeting App UI" */;
			compatibilityVersion = "Xcode 14.0";
			developmentRegion = en;
			hasScannedForEncodings = 0;
			knownRegions = (
				en,
				Base,
			);
			mainGroup = 962380A32A5ADA3A00B16C4E;
			productRefGroup = 962380AD2A5ADA3A00B16C4E /* Products */;
			projectDirPath = "";
			projectRoot = "";
			targets = (
				962380AB2A5ADA3A00B16C4E /* A_14_Meeting App UI */,
			);
		};
/* End PBXProject section */

/* Begin PBXResourcesBuildPhase section */
		962380AA2A5ADA3A00B16C4E /* Resources */ = {
			isa = PBXResourcesBuildPhase;
			buildActionMask = 2147483647;
			files = (
				962380B72A5ADA3B00B16C4E /* Preview Assets.xcassets in Resources */,
				962380B42A5ADA3B00B16C4E /* Assets.xcassets in Resources */,
			);
			runOnlyForDeploymentPostprocessing = 0;
		};
/* End PBXResourcesBuildPhase section */

/* Begin PBXSourcesBuildPhase section */
		962380A82A5ADA3A00B16C4E /* Sources */ = {
			isa = PBXSourcesBuildPhase;
			buildActionMask = 2147483647;
			files = (
				962380C62A5ADEA700B16C4E /* Meeting.swift in Sources */,
				962380C82A5ADEF300B16C4E /* HomeViewModel.swift in Sources */,
				962380CC2A5AECD100B16C4E /* AddNewMeeting.swift in Sources */,
				962380B22A5ADA3A00B16C4E /* ContentView.swift in Sources */,
				962380CA2A5ADFB600B16C4E /* MeetingCardView.swift in Sources */,
				962380C22A5ADA8600B16C4E /* Home.swift in Sources */,
				962380B02A5ADA3A00B16C4E /* A_14_Meeting_App_UIApp.swift in Sources */,
				962380C42A5ADD0900B16C4E /* Tab.swift in Sources */,
			);
			runOnlyForDeploymentPostprocessing = 0;
		};
/* End PBXSourcesBuildPhase section */

/* Begin XCBuildConfiguration section */
		962380B82A5ADA3B00B16C4E /* Debug */ = {
			isa = XCBuildConfiguration;
			buildSettings = {
				ALWAYS_SEARCH_USER_PATHS = NO;
				CLANG_ANALYZER_NONNULL = YES;
				CLANG_ANALYZER_NUMBER_OBJECT_CONVERSION = YES_AGGRESSIVE;
				CLANG_CXX_LANGUAGE_STANDARD = "gnu++20";
				CLANG_ENABLE_MODULES = YES;
				CLANG_ENABLE_OBJC_ARC = YES;
				CLANG_ENABLE_OBJC_WEAK = YES;
				CLANG_WARN_BLOCK_CAPTURE_AUTORELEASING = YES;
				CLANG_WARN_BOOL_CONVERSION = YES;
				CLANG_WARN_COMMA = YES;
				CLANG_WARN_CONSTANT_CONVERSION = YES;
				CLANG_WARN_DEPRECATED_OBJC_IMPLEMENTATIONS = YES;
				CLANG_WARN_DIRECT_OBJC_ISA_USAGE = YES_ERROR;
				CLANG_WARN_DOCUMENTATION_COMMENTS = YES;
				CLANG_WARN_EMPTY_BODY = YES;
				CLANG_WARN_ENUM_CONVERSION = YES;
				CLANG_WARN_INFINITE_RECURSION = YES;
				CLANG_WARN_INT_CONVERSION = YES;
				CLANG_WARN_NON_LITERAL_NULL_CONVERSION = YES;
				CLANG_WARN_OBJC_IMPLICIT_RETAIN_SELF = YES;
				CLANG_WARN_OBJC_LITERAL_CONVERSION = YES;
				CLANG_WARN_OBJC_ROOT_CLASS = YES_ERROR;
				CLANG_WARN_QUOTED_INCLUDE_IN_FRAMEWORK_HEADER = YES;
				CLANG_WARN_RANGE_LOOP_ANALYSIS = YES;
				CLANG_WARN_STRICT_PROTOTYPES = YES;
				CLANG_WARN_SUSPICIOUS_MOVE = YES;
				CLANG_WARN_UNGUARDED_AVAILABILITY = YES_AGGRESSIVE;
				CLANG_WARN_UNREACHABLE_CODE = YES;
				CLANG_WARN__DUPLICATE_METHOD_MATCH = YES;
				COPY_PHASE_STRIP = NO;
				DEBUG_INFORMATION_FORMAT = dwarf;
				ENABLE_STRICT_OBJC_MSGSEND = YES;
				ENABLE_TESTABILITY = YES;
				GCC_C_LANGUAGE_STANDARD = gnu11;
				GCC_DYNAMIC_NO_PIC = NO;
				GCC_NO_COMMON_BLOCKS = YES;
				GCC_OPTIMIZATION_LEVEL = 0;
				GCC_PREPROCESSOR_DEFINITIONS = (
					"DEBUG=1",
					"$(inherited)",
				);
				GCC_WARN_64_TO_32_BIT_CONVERSION = YES;
				GCC_WARN_ABOUT_RETURN_TYPE = YES_ERROR;
				GCC_WARN_UNDECLARED_SELECTOR = YES;
				GCC_WARN_UNINITIALIZED_AUTOS = YES_AGGRESSIVE;
				GCC_WARN_UNUSED_FUNCTION = YES;
				GCC_WARN_UNUSED_VARIABLE = YES;
				IPHONEOS_DEPLOYMENT_TARGET = 16.4;
				MTL_ENABLE_DEBUG_INFO = INCLUDE_SOURCE;
				MTL_FAST_MATH = YES;
				ONLY_ACTIVE_ARCH = YES;
				SDKROOT = iphoneos;
				SWIFT_ACTIVE_COMPILATION_CONDITIONS = DEBUG;
				SWIFT_OPTIMIZATION_LEVEL = "-Onone";
			};
			name = Debug;
		};
		962380B92A5ADA3B00B16C4E /* Release */ = {
			isa = XCBuildConfiguration;
			buildSettings = {
				ALWAYS_SEARCH_USER_PATHS = NO;
				CLANG_ANALYZER_NONNULL = YES;
				CLANG_ANALYZER_NUMBER_OBJECT_CONVERSION = YES_AGGRESSIVE;
				CLANG_CXX_LANGUAGE_STANDARD = "gnu++20";
				CLANG_ENABLE_MODULES = YES;
				CLANG_ENABLE_OBJC_ARC = YES;
				CLANG_ENABLE_OBJC_WEAK = YES;
				CLANG_WARN_BLOCK_CAPTURE_AUTORELEASING = YES;
				CLANG_WARN_BOOL_CONVERSION = YES;
				CLANG_WARN_COMMA = YES;
				CLANG_WARN_CONSTANT_CONVERSION = YES;
				CLANG_WARN_DEPRECATED_OBJC_IMPLEMENTATIONS = YES;
				CLANG_WARN_DIRECT_OBJC_ISA_USAGE = YES_ERROR;
				CLANG_WARN_DOCUMENTATION_COMMENTS = YES;
				CLANG_WARN_EMPTY_BODY = YES;
				CLANG_WARN_ENUM_CONVERSION = YES;
				CLANG_WARN_INFINITE_RECURSION = YES;
				CLANG_WARN_INT_CONVERSION = YES;
				CLANG_WARN_NON_LITERAL_NULL_CONVERSION = YES;
				CLANG_WARN_OBJC_IMPLICIT_RETAIN_SELF = YES;
				CLANG_WARN_OBJC_LITERAL_CONVERSION = YES;
				CLANG_WARN_OBJC_ROOT_CLASS = YES_ERROR;
				CLANG_WARN_QUOTED_INCLUDE_IN_FRAMEWORK_HEADER = YES;
				CLANG_WARN_RANGE_LOOP_ANALYSIS = YES;
				CLANG_WARN_STRICT_PROTOTYPES = YES;
				CLANG_WARN_SUSPICIOUS_MOVE = YES;
				CLANG_WARN_UNGUARDED_AVAILABILITY = YES_AGGRESSIVE;
				CLANG_WARN_UNREACHABLE_CODE = YES;
				CLANG_WARN__DUPLICATE_METHOD_MATCH = YES;
				COPY_PHASE_STRIP = NO;
				DEBUG_INFORMATION_FORMAT = "dwarf-with-dsym";
				ENABLE_NS_ASSERTIONS = NO;
				ENABLE_STRICT_OBJC_MSGSEND = YES;
				GCC_C_LANGUAGE_STANDARD = gnu11;
				GCC_NO_COMMON_BLOCKS = YES;
				GCC_WARN_64_TO_32_BIT_CONVERSION = YES;
				GCC_WARN_ABOUT_RETURN_TYPE = YES_ERROR;
				GCC_WARN_UNDECLARED_SELECTOR = YES;
				GCC_WARN_UNINITIALIZED_AUTOS = YES_AGGRESSIVE;
				GCC_WARN_UNUSED_FUNCTION = YES;
				GCC_WARN_UNUSED_VARIABLE = YES;
				IPHONEOS_DEPLOYMENT_TARGET = 16.4;
				MTL_ENABLE_DEBUG_INFO = NO;
				MTL_FAST_MATH = YES;
				SDKROOT = iphoneos;
				SWIFT_COMPILATION_MODE = wholemodule;
				SWIFT_OPTIMIZATION_LEVEL = "-O";
				VALIDATE_PRODUCT = YES;
			};
			name = Release;
		};
		962380BB2A5ADA3B00B16C4E /* Debug */ = {
			isa = XCBuildConfiguration;
			buildSettings = {
				ASSETCATALOG_COMPILER_APPICON_NAME = AppIcon;
				ASSETCATALOG_COMPILER_GLOBAL_ACCENT_COLOR_NAME = AccentColor;
				CODE_SIGN_STYLE = Automatic;
				CURRENT_PROJECT_VERSION = 1;
				DEVELOPMENT_ASSET_PATHS = "\"A_14_Meeting App UI/Preview Content\"";
				DEVELOPMENT_TEAM = W4RKLQZZCQ;
				ENABLE_PREVIEWS = YES;
				GENERATE_INFOPLIST_FILE = YES;
				INFOPLIST_KEY_UIApplicationSceneManifest_Generation = YES;
				INFOPLIST_KEY_UIApplicationSupportsIndirectInputEvents = YES;
				INFOPLIST_KEY_UILaunchScreen_Generation = YES;
				INFOPLIST_KEY_UISupportedInterfaceOrientations_iPad = "UIInterfaceOrientationPortrait UIInterfaceOrientationPortraitUpsideDown UIInterfaceOrientationLandscapeLeft UIInterfaceOrientationLandscapeRight";
				INFOPLIST_KEY_UISupportedInterfaceOrientations_iPhone = "UIInterfaceOrientationPortrait UIInterfaceOrientationLandscapeLeft UIInterfaceOrientationLandscapeRight";
				LD_RUNPATH_SEARCH_PATHS = (
					"$(inherited)",
					"@executable_path/Frameworks",
				);
				MARKETING_VERSION = 1.0;
				PRODUCT_BUNDLE_IDENTIFIER = "com.yonglekeji.A-14-Meeting-App-UI";
				PRODUCT_NAME = "$(TARGET_NAME)";
				SWIFT_EMIT_LOC_STRINGS = YES;
				SWIFT_VERSION = 5.0;
				TARGETED_DEVICE_FAMILY = "1,2";
			};
			name = Debug;
		};
		962380BC2A5ADA3B00B16C4E /* Release */ = {
			isa = XCBuildConfiguration;
			buildSettings = {
				ASSETCATALOG_COMPILER_APPICON_NAME = AppIcon;
				ASSETCATALOG_COMPILER_GLOBAL_ACCENT_COLOR_NAME = AccentColor;
				CODE_SIGN_STYLE = Automatic;
				CURRENT_PROJECT_VERSION = 1;
				DEVELOPMENT_ASSET_PATHS = "\"A_14_Meeting App UI/Preview Content\"";
				DEVELOPMENT_TEAM = W4RKLQZZCQ;
				ENABLE_PREVIEWS = YES;
				GENERATE_INFOPLIST_FILE = YES;
				INFOPLIST_KEY_UIApplicationSceneManifest_Generation = YES;
				INFOPLIST_KEY_UIApplicationSupportsIndirectInputEvents = YES;
				INFOPLIST_KEY_UILaunchScreen_Generation = YES;
				INFOPLIST_KEY_UISupportedInterfaceOrientations_iPad = "UIInterfaceOrientationPortrait UIInterfaceOrientationPortraitUpsideDown UIInterfaceOrientationLandscapeLeft UIInterfaceOrientationLandscapeRight";
				INFOPLIST_KEY_UISupportedInterfaceOrientations_iPhone = "UIInterfaceOrientationPortrait UIInterfaceOrientationLandscapeLeft UIInterfaceOrientationLandscapeRight";
				LD_RUNPATH_SEARCH_PATHS = (
					"$(inherited)",
					"@executable_path/Frameworks",
				);
				MARKETING_VERSION = 1.0;
				PRODUCT_BUNDLE_IDENTIFIER = "com.yonglekeji.A-14-Meeting-App-UI";
				PRODUCT_NAME = "$(TARGET_NAME)";
				SWIFT_EMIT_LOC_STRINGS = YES;
				SWIFT_VERSION = 5.0;
				TARGETED_DEVICE_FAMILY = "1,2";
			};
			name = Release;
		};
/* End XCBuildConfiguration section */

/* Begin XCConfigurationList section */
		962380A72A5ADA3A00B16C4E /* Build configuration list for PBXProject "A_14_Meeting App UI" */ = {
			isa = XCConfigurationList;
			buildConfigurations = (
				962380B82A5ADA3B00B16C4E /* Debug */,
				962380B92A5ADA3B00B16C4E /* Release */,
			);
			defaultConfigurationIsVisible = 0;
			defaultConfigurationName = Release;
		};
		962380BA2A5ADA3B00B16C4E /* Build configuration list for PBXNativeTarget "A_14_Meeting App UI" */ = {
			isa = XCConfigurationList;
			buildConfigurations = (
				962380BB2A5ADA3B00B16C4E /* Debug */,
				962380BC2A5ADA3B00B16C4E /* Release */,
			);
			defaultConfigurationIsVisible = 0;
			defaultConfigurationName = Release;
		};
/* End XCConfigurationList section */
	};
	rootObject = 962380A42A5ADA3A00B16C4E /* Project object */;
}
