// !$*UTF8*$!
{
	archiveVersion = 1;
	classes = {
	};
	objectVersion = 56;
	objects = {

/* Begin PBXBuildFile section */
		966927472A544A4400BF0E47 /* A_131_Canvas_Editor_With_Advanced_GesturesApp.swift in Sources */ = {isa = PBXBuildFile; fileRef = 966927462A544A4400BF0E47 /* A_131_Canvas_Editor_With_Advanced_GesturesApp.swift */; };
		966927492A544A4400BF0E47 /* ContentView.swift in Sources */ = {isa = PBXBuildFile; fileRef = 966927482A544A4400BF0E47 /* ContentView.swift */; };
		9669274B2A544A4500BF0E47 /* Assets.xcassets in Resources */ = {isa = PBXBuildFile; fileRef = 9669274A2A544A4500BF0E47 /* Assets.xcassets */; };
		9669274E2A544A4500BF0E47 /* Preview Assets.xcassets in Resources */ = {isa = PBXBuildFile; fileRef = 9669274D2A544A4500BF0E47 /* Preview Assets.xcassets */; };
		966927582A544D2000BF0E47 /* CanvasViewModel.swift in Sources */ = {isa = PBXBuildFile; fileRef = 966927572A544D2000BF0E47 /* CanvasViewModel.swift */; };
		9669275A2A544D5E00BF0E47 /* CanvasView.swift in Sources */ = {isa = PBXBuildFile; fileRef = 966927592A544D5E00BF0E47 /* CanvasView.swift */; };
		9669275E2A544E1D00BF0E47 /* StackItem.swift in Sources */ = {isa = PBXBuildFile; fileRef = 9669275D2A544E1D00BF0E47 /* StackItem.swift */; };
		966927602A544F4C00BF0E47 /* ImagePicker.swift in Sources */ = {isa = PBXBuildFile; fileRef = 9669275F2A544F4C00BF0E47 /* ImagePicker.swift */; };
/* End PBXBuildFile section */

/* Begin PBXFileReference section */
		966927432A544A4400BF0E47 /* A_131_Canvas Editor With Advanced Gestures.app */ = {isa = PBXFileReference; explicitFileType = wrapper.application; includeInIndex = 0; path = "A_131_Canvas Editor With Advanced Gestures.app"; sourceTree = BUILT_PRODUCTS_DIR; };
		966927462A544A4400BF0E47 /* A_131_Canvas_Editor_With_Advanced_GesturesApp.swift */ = {isa = PBXFileReference; lastKnownFileType = sourcecode.swift; path = A_131_Canvas_Editor_With_Advanced_GesturesApp.swift; sourceTree = "<group>"; };
		966927482A544A4400BF0E47 /* ContentView.swift */ = {isa = PBXFileReference; lastKnownFileType = sourcecode.swift; path = ContentView.swift; sourceTree = "<group>"; };
		9669274A2A544A4500BF0E47 /* Assets.xcassets */ = {isa = PBXFileReference; lastKnownFileType = folder.assetcatalog; path = Assets.xcassets; sourceTree = "<group>"; };
		9669274D2A544A4500BF0E47 /* Preview Assets.xcassets */ = {isa = PBXFileReference; lastKnownFileType = folder.assetcatalog; path = "Preview Assets.xcassets"; sourceTree = "<group>"; };
		966927572A544D2000BF0E47 /* CanvasViewModel.swift */ = {isa = PBXFileReference; lastKnownFileType = sourcecode.swift; path = CanvasViewModel.swift; sourceTree = "<group>"; };
		966927592A544D5E00BF0E47 /* CanvasView.swift */ = {isa = PBXFileReference; lastKnownFileType = sourcecode.swift; path = CanvasView.swift; sourceTree = "<group>"; };
		9669275D2A544E1D00BF0E47 /* StackItem.swift */ = {isa = PBXFileReference; lastKnownFileType = sourcecode.swift; path = StackItem.swift; sourceTree = "<group>"; };
		9669275F2A544F4C00BF0E47 /* ImagePicker.swift */ = {isa = PBXFileReference; lastKnownFileType = sourcecode.swift; path = ImagePicker.swift; sourceTree = "<group>"; };
/* End PBXFileReference section */

/* Begin PBXFrameworksBuildPhase section */
		966927402A544A4400BF0E47 /* Frameworks */ = {
			isa = PBXFrameworksBuildPhase;
			buildActionMask = 2147483647;
			files = (
			);
			runOnlyForDeploymentPostprocessing = 0;
		};
/* End PBXFrameworksBuildPhase section */

/* Begin PBXGroup section */
		9669273A2A544A4400BF0E47 = {
			isa = PBXGroup;
			children = (
				966927452A544A4400BF0E47 /* A_131_Canvas Editor With Advanced Gestures */,
				966927442A544A4400BF0E47 /* Products */,
			);
			sourceTree = "<group>";
		};
		966927442A544A4400BF0E47 /* Products */ = {
			isa = PBXGroup;
			children = (
				966927432A544A4400BF0E47 /* A_131_Canvas Editor With Advanced Gestures.app */,
			);
			name = Products;
			sourceTree = "<group>";
		};
		966927452A544A4400BF0E47 /* A_131_Canvas Editor With Advanced Gestures */ = {
			isa = PBXGroup;
			children = (
				966927562A544BFF00BF0E47 /* model */,
				966927552A544BFA00BF0E47 /* viewmode */,
				966927542A544BF500BF0E47 /* view */,
				966927462A544A4400BF0E47 /* A_131_Canvas_Editor_With_Advanced_GesturesApp.swift */,
				966927482A544A4400BF0E47 /* ContentView.swift */,
				9669274A2A544A4500BF0E47 /* Assets.xcassets */,
				9669274C2A544A4500BF0E47 /* Preview Content */,
			);
			path = "A_131_Canvas Editor With Advanced Gestures";
			sourceTree = "<group>";
		};
		9669274C2A544A4500BF0E47 /* Preview Content */ = {
			isa = PBXGroup;
			children = (
				9669274D2A544A4500BF0E47 /* Preview Assets.xcassets */,
			);
			path = "Preview Content";
			sourceTree = "<group>";
		};
		966927542A544BF500BF0E47 /* view */ = {
			isa = PBXGroup;
			children = (
				966927592A544D5E00BF0E47 /* CanvasView.swift */,
				9669275F2A544F4C00BF0E47 /* ImagePicker.swift */,
			);
			path = view;
			sourceTree = "<group>";
		};
		966927552A544BFA00BF0E47 /* viewmode */ = {
			isa = PBXGroup;
			children = (
				966927572A544D2000BF0E47 /* CanvasViewModel.swift */,
			);
			path = viewmode;
			sourceTree = "<group>";
		};
		966927562A544BFF00BF0E47 /* model */ = {
			isa = PBXGroup;
			children = (
				9669275D2A544E1D00BF0E47 /* StackItem.swift */,
			);
			path = model;
			sourceTree = "<group>";
		};
/* End PBXGroup section */

/* Begin PBXNativeTarget section */
		966927422A544A4400BF0E47 /* A_131_Canvas Editor With Advanced Gestures */ = {
			isa = PBXNativeTarget;
			buildConfigurationList = 966927512A544A4500BF0E47 /* Build configuration list for PBXNativeTarget "A_131_Canvas Editor With Advanced Gestures" */;
			buildPhases = (
				9669273F2A544A4400BF0E47 /* Sources */,
				966927402A544A4400BF0E47 /* Frameworks */,
				966927412A544A4400BF0E47 /* Resources */,
			);
			buildRules = (
			);
			dependencies = (
			);
			name = "A_131_Canvas Editor With Advanced Gestures";
			productName = "A_131_Canvas Editor With Advanced Gestures";
			productReference = 966927432A544A4400BF0E47 /* A_131_Canvas Editor With Advanced Gestures.app */;
			productType = "com.apple.product-type.application";
		};
/* End PBXNativeTarget section */

/* Begin PBXProject section */
		9669273B2A544A4400BF0E47 /* Project object */ = {
			isa = PBXProject;
			attributes = {
				BuildIndependentTargetsInParallel = 1;
				LastSwiftUpdateCheck = 1430;
				LastUpgradeCheck = 1430;
				TargetAttributes = {
					966927422A544A4400BF0E47 = {
						CreatedOnToolsVersion = 14.3.1;
					};
				};
			};
			buildConfigurationList = 9669273E2A544A4400BF0E47 /* Build configuration list for PBXProject "A_131_Canvas Editor With Advanced Gestures" */;
			compatibilityVersion = "Xcode 14.0";
			developmentRegion = en;
			hasScannedForEncodings = 0;
			knownRegions = (
				en,
				Base,
			);
			mainGroup = 9669273A2A544A4400BF0E47;
			productRefGroup = 966927442A544A4400BF0E47 /* Products */;
			projectDirPath = "";
			projectRoot = "";
			targets = (
				966927422A544A4400BF0E47 /* A_131_Canvas Editor With Advanced Gestures */,
			);
		};
/* End PBXProject section */

/* Begin PBXResourcesBuildPhase section */
		966927412A544A4400BF0E47 /* Resources */ = {
			isa = PBXResourcesBuildPhase;
			buildActionMask = 2147483647;
			files = (
				9669274E2A544A4500BF0E47 /* Preview Assets.xcassets in Resources */,
				9669274B2A544A4500BF0E47 /* Assets.xcassets in Resources */,
			);
			runOnlyForDeploymentPostprocessing = 0;
		};
/* End PBXResourcesBuildPhase section */

/* Begin PBXSourcesBuildPhase section */
		9669273F2A544A4400BF0E47 /* Sources */ = {
			isa = PBXSourcesBuildPhase;
			buildActionMask = 2147483647;
			files = (
				966927492A544A4400BF0E47 /* ContentView.swift in Sources */,
				966927472A544A4400BF0E47 /* A_131_Canvas_Editor_With_Advanced_GesturesApp.swift in Sources */,
				9669275E2A544E1D00BF0E47 /* StackItem.swift in Sources */,
				966927602A544F4C00BF0E47 /* ImagePicker.swift in Sources */,
				9669275A2A544D5E00BF0E47 /* CanvasView.swift in Sources */,
				966927582A544D2000BF0E47 /* CanvasViewModel.swift in Sources */,
			);
			runOnlyForDeploymentPostprocessing = 0;
		};
/* End PBXSourcesBuildPhase section */

/* Begin XCBuildConfiguration section */
		9669274F2A544A4500BF0E47 /* Debug */ = {
			isa = XCBuildConfiguration;
			buildSettings = {
				ALWAYS_SEARCH_USER_PATHS = NO;
				CLANG_ANALYZER_NONNULL = YES;
				CLANG_ANALYZER_NUMBER_OBJECT_CONVERSION = YES_AGGRESSIVE;
				CLANG_CXX_LANGUAGE_STANDARD = "gnu++20";
				CLANG_ENABLE_MODULES = YES;
				CLANG_ENABLE_OBJC_ARC = YES;
				CLANG_ENABLE_OBJC_WEAK = YES;
				CLANG_WARN_BLOCK_CAPTURE_AUTORELEASING = YES;
				CLANG_WARN_BOOL_CONVERSION = YES;
				CLANG_WARN_COMMA = YES;
				CLANG_WARN_CONSTANT_CONVERSION = YES;
				CLANG_WARN_DEPRECATED_OBJC_IMPLEMENTATIONS = YES;
				CLANG_WARN_DIRECT_OBJC_ISA_USAGE = YES_ERROR;
				CLANG_WARN_DOCUMENTATION_COMMENTS = YES;
				CLANG_WARN_EMPTY_BODY = YES;
				CLANG_WARN_ENUM_CONVERSION = YES;
				CLANG_WARN_INFINITE_RECURSION = YES;
				CLANG_WARN_INT_CONVERSION = YES;
				CLANG_WARN_NON_LITERAL_NULL_CONVERSION = YES;
				CLANG_WARN_OBJC_IMPLICIT_RETAIN_SELF = YES;
				CLANG_WARN_OBJC_LITERAL_CONVERSION = YES;
				CLANG_WARN_OBJC_ROOT_CLASS = YES_ERROR;
				CLANG_WARN_QUOTED_INCLUDE_IN_FRAMEWORK_HEADER = YES;
				CLANG_WARN_RANGE_LOOP_ANALYSIS = YES;
				CLANG_WARN_STRICT_PROTOTYPES = YES;
				CLANG_WARN_SUSPICIOUS_MOVE = YES;
				CLANG_WARN_UNGUARDED_AVAILABILITY = YES_AGGRESSIVE;
				CLANG_WARN_UNREACHABLE_CODE = YES;
				CLANG_WARN__DUPLICATE_METHOD_MATCH = YES;
				COPY_PHASE_STRIP = NO;
				DEBUG_INFORMATION_FORMAT = dwarf;
				ENABLE_STRICT_OBJC_MSGSEND = YES;
				ENABLE_TESTABILITY = YES;
				GCC_C_LANGUAGE_STANDARD = gnu11;
				GCC_DYNAMIC_NO_PIC = NO;
				GCC_NO_COMMON_BLOCKS = YES;
				GCC_OPTIMIZATION_LEVEL = 0;
				GCC_PREPROCESSOR_DEFINITIONS = (
					"DEBUG=1",
					"$(inherited)",
				);
				GCC_WARN_64_TO_32_BIT_CONVERSION = YES;
				GCC_WARN_ABOUT_RETURN_TYPE = YES_ERROR;
				GCC_WARN_UNDECLARED_SELECTOR = YES;
				GCC_WARN_UNINITIALIZED_AUTOS = YES_AGGRESSIVE;
				GCC_WARN_UNUSED_FUNCTION = YES;
				GCC_WARN_UNUSED_VARIABLE = YES;
				IPHONEOS_DEPLOYMENT_TARGET = 16.4;
				MTL_ENABLE_DEBUG_INFO = INCLUDE_SOURCE;
				MTL_FAST_MATH = YES;
				ONLY_ACTIVE_ARCH = YES;
				SDKROOT = iphoneos;
				SWIFT_ACTIVE_COMPILATION_CONDITIONS = DEBUG;
				SWIFT_OPTIMIZATION_LEVEL = "-Onone";
			};
			name = Debug;
		};
		966927502A544A4500BF0E47 /* Release */ = {
			isa = XCBuildConfiguration;
			buildSettings = {
				ALWAYS_SEARCH_USER_PATHS = NO;
				CLANG_ANALYZER_NONNULL = YES;
				CLANG_ANALYZER_NUMBER_OBJECT_CONVERSION = YES_AGGRESSIVE;
				CLANG_CXX_LANGUAGE_STANDARD = "gnu++20";
				CLANG_ENABLE_MODULES = YES;
				CLANG_ENABLE_OBJC_ARC = YES;
				CLANG_ENABLE_OBJC_WEAK = YES;
				CLANG_WARN_BLOCK_CAPTURE_AUTORELEASING = YES;
				CLANG_WARN_BOOL_CONVERSION = YES;
				CLANG_WARN_COMMA = YES;
				CLANG_WARN_CONSTANT_CONVERSION = YES;
				CLANG_WARN_DEPRECATED_OBJC_IMPLEMENTATIONS = YES;
				CLANG_WARN_DIRECT_OBJC_ISA_USAGE = YES_ERROR;
				CLANG_WARN_DOCUMENTATION_COMMENTS = YES;
				CLANG_WARN_EMPTY_BODY = YES;
				CLANG_WARN_ENUM_CONVERSION = YES;
				CLANG_WARN_INFINITE_RECURSION = YES;
				CLANG_WARN_INT_CONVERSION = YES;
				CLANG_WARN_NON_LITERAL_NULL_CONVERSION = YES;
				CLANG_WARN_OBJC_IMPLICIT_RETAIN_SELF = YES;
				CLANG_WARN_OBJC_LITERAL_CONVERSION = YES;
				CLANG_WARN_OBJC_ROOT_CLASS = YES_ERROR;
				CLANG_WARN_QUOTED_INCLUDE_IN_FRAMEWORK_HEADER = YES;
				CLANG_WARN_RANGE_LOOP_ANALYSIS = YES;
				CLANG_WARN_STRICT_PROTOTYPES = YES;
				CLANG_WARN_SUSPICIOUS_MOVE = YES;
				CLANG_WARN_UNGUARDED_AVAILABILITY = YES_AGGRESSIVE;
				CLANG_WARN_UNREACHABLE_CODE = YES;
				CLANG_WARN__DUPLICATE_METHOD_MATCH = YES;
				COPY_PHASE_STRIP = NO;
				DEBUG_INFORMATION_FORMAT = "dwarf-with-dsym";
				ENABLE_NS_ASSERTIONS = NO;
				ENABLE_STRICT_OBJC_MSGSEND = YES;
				GCC_C_LANGUAGE_STANDARD = gnu11;
				GCC_NO_COMMON_BLOCKS = YES;
				GCC_WARN_64_TO_32_BIT_CONVERSION = YES;
				GCC_WARN_ABOUT_RETURN_TYPE = YES_ERROR;
				GCC_WARN_UNDECLARED_SELECTOR = YES;
				GCC_WARN_UNINITIALIZED_AUTOS = YES_AGGRESSIVE;
				GCC_WARN_UNUSED_FUNCTION = YES;
				GCC_WARN_UNUSED_VARIABLE = YES;
				IPHONEOS_DEPLOYMENT_TARGET = 16.4;
				MTL_ENABLE_DEBUG_INFO = NO;
				MTL_FAST_MATH = YES;
				SDKROOT = iphoneos;
				SWIFT_COMPILATION_MODE = wholemodule;
				SWIFT_OPTIMIZATION_LEVEL = "-O";
				VALIDATE_PRODUCT = YES;
			};
			name = Release;
		};
		966927522A544A4500BF0E47 /* Debug */ = {
			isa = XCBuildConfiguration;
			buildSettings = {
				ASSETCATALOG_COMPILER_APPICON_NAME = AppIcon;
				ASSETCATALOG_COMPILER_GLOBAL_ACCENT_COLOR_NAME = AccentColor;
				CODE_SIGN_STYLE = Automatic;
				CURRENT_PROJECT_VERSION = 1;
				DEVELOPMENT_ASSET_PATHS = "\"A_131_Canvas Editor With Advanced Gestures/Preview Content\"";
				DEVELOPMENT_TEAM = W4RKLQZZCQ;
				ENABLE_PREVIEWS = YES;
				GENERATE_INFOPLIST_FILE = YES;
				INFOPLIST_KEY_UIApplicationSceneManifest_Generation = YES;
				INFOPLIST_KEY_UIApplicationSupportsIndirectInputEvents = YES;
				INFOPLIST_KEY_UILaunchScreen_Generation = YES;
				INFOPLIST_KEY_UISupportedInterfaceOrientations_iPad = "UIInterfaceOrientationPortrait UIInterfaceOrientationPortraitUpsideDown UIInterfaceOrientationLandscapeLeft UIInterfaceOrientationLandscapeRight";
				INFOPLIST_KEY_UISupportedInterfaceOrientations_iPhone = "UIInterfaceOrientationPortrait UIInterfaceOrientationLandscapeLeft UIInterfaceOrientationLandscapeRight";
				LD_RUNPATH_SEARCH_PATHS = (
					"$(inherited)",
					"@executable_path/Frameworks",
				);
				MARKETING_VERSION = 1.0;
				PRODUCT_BUNDLE_IDENTIFIER = "com.yonglekeji.A-131-Canvas-Editor-With-Advanced-Gestures";
				PRODUCT_NAME = "$(TARGET_NAME)";
				SWIFT_EMIT_LOC_STRINGS = YES;
				SWIFT_VERSION = 5.0;
				TARGETED_DEVICE_FAMILY = "1,2";
			};
			name = Debug;
		};
		966927532A544A4500BF0E47 /* Release */ = {
			isa = XCBuildConfiguration;
			buildSettings = {
				ASSETCATALOG_COMPILER_APPICON_NAME = AppIcon;
				ASSETCATALOG_COMPILER_GLOBAL_ACCENT_COLOR_NAME = AccentColor;
				CODE_SIGN_STYLE = Automatic;
				CURRENT_PROJECT_VERSION = 1;
				DEVELOPMENT_ASSET_PATHS = "\"A_131_Canvas Editor With Advanced Gestures/Preview Content\"";
				DEVELOPMENT_TEAM = W4RKLQZZCQ;
				ENABLE_PREVIEWS = YES;
				GENERATE_INFOPLIST_FILE = YES;
				INFOPLIST_KEY_UIApplicationSceneManifest_Generation = YES;
				INFOPLIST_KEY_UIApplicationSupportsIndirectInputEvents = YES;
				INFOPLIST_KEY_UILaunchScreen_Generation = YES;
				INFOPLIST_KEY_UISupportedInterfaceOrientations_iPad = "UIInterfaceOrientationPortrait UIInterfaceOrientationPortraitUpsideDown UIInterfaceOrientationLandscapeLeft UIInterfaceOrientationLandscapeRight";
				INFOPLIST_KEY_UISupportedInterfaceOrientations_iPhone = "UIInterfaceOrientationPortrait UIInterfaceOrientationLandscapeLeft UIInterfaceOrientationLandscapeRight";
				LD_RUNPATH_SEARCH_PATHS = (
					"$(inherited)",
					"@executable_path/Frameworks",
				);
				MARKETING_VERSION = 1.0;
				PRODUCT_BUNDLE_IDENTIFIER = "com.yonglekeji.A-131-Canvas-Editor-With-Advanced-Gestures";
				PRODUCT_NAME = "$(TARGET_NAME)";
				SWIFT_EMIT_LOC_STRINGS = YES;
				SWIFT_VERSION = 5.0;
				TARGETED_DEVICE_FAMILY = "1,2";
			};
			name = Release;
		};
/* End XCBuildConfiguration section */

/* Begin XCConfigurationList section */
		9669273E2A544A4400BF0E47 /* Build configuration list for PBXProject "A_131_Canvas Editor With Advanced Gestures" */ = {
			isa = XCConfigurationList;
			buildConfigurations = (
				9669274F2A544A4500BF0E47 /* Debug */,
				966927502A544A4500BF0E47 /* Release */,
			);
			defaultConfigurationIsVisible = 0;
			defaultConfigurationName = Release;
		};
		966927512A544A4500BF0E47 /* Build configuration list for PBXNativeTarget "A_131_Canvas Editor With Advanced Gestures" */ = {
			isa = XCConfigurationList;
			buildConfigurations = (
				966927522A544A4500BF0E47 /* Debug */,
				966927532A544A4500BF0E47 /* Release */,
			);
			defaultConfigurationIsVisible = 0;
			defaultConfigurationName = Release;
		};
/* End XCConfigurationList section */
	};
	rootObject = 9669273B2A544A4400BF0E47 /* Project object */;
}
