// !$*UTF8*$!
{
	archiveVersion = 1;
	classes = {
	};
	objectVersion = 56;
	objects = {

/* Begin PBXBuildFile section */
		96E4B34F29BD8F9E00459B44 /* Pomodoro_Focus_Timer_AppApp.swift in Sources */ = {isa = PBXBuildFile; fileRef = 96E4B34E29BD8F9E00459B44 /* Pomodoro_Focus_Timer_AppApp.swift */; };
		96E4B35129BD8F9E00459B44 /* ContentView.swift in Sources */ = {isa = PBXBuildFile; fileRef = 96E4B35029BD8F9E00459B44 /* ContentView.swift */; };
		96E4B35329BD8F9F00459B44 /* Assets.xcassets in Resources */ = {isa = PBXBuildFile; fileRef = 96E4B35229BD8F9F00459B44 /* Assets.xcassets */; };
		96E4B35629BD8F9F00459B44 /* Preview Assets.xcassets in Resources */ = {isa = PBXBuildFile; fileRef = 96E4B35529BD8F9F00459B44 /* Preview Assets.xcassets */; };
		96E4B35F29BD8FFC00459B44 /* HomePage.swift in Sources */ = {isa = PBXBuildFile; fileRef = 96E4B35E29BD8FFC00459B44 /* HomePage.swift */; };
		96E4B36129BD900E00459B44 /* FocusTimeViewModel.swift in Sources */ = {isa = PBXBuildFile; fileRef = 96E4B36029BD900E00459B44 /* FocusTimeViewModel.swift */; };
/* End PBXBuildFile section */

/* Begin PBXFileReference section */
		96E4B34B29BD8F9E00459B44 /* Pomodoro Focus Timer App.app */ = {isa = PBXFileReference; explicitFileType = wrapper.application; includeInIndex = 0; path = "Pomodoro Focus Timer App.app"; sourceTree = BUILT_PRODUCTS_DIR; };
		96E4B34E29BD8F9E00459B44 /* Pomodoro_Focus_Timer_AppApp.swift */ = {isa = PBXFileReference; lastKnownFileType = sourcecode.swift; path = Pomodoro_Focus_Timer_AppApp.swift; sourceTree = "<group>"; };
		96E4B35029BD8F9E00459B44 /* ContentView.swift */ = {isa = PBXFileReference; lastKnownFileType = sourcecode.swift; path = ContentView.swift; sourceTree = "<group>"; };
		96E4B35229BD8F9F00459B44 /* Assets.xcassets */ = {isa = PBXFileReference; lastKnownFileType = folder.assetcatalog; path = Assets.xcassets; sourceTree = "<group>"; };
		96E4B35529BD8F9F00459B44 /* Preview Assets.xcassets */ = {isa = PBXFileReference; lastKnownFileType = folder.assetcatalog; path = "Preview Assets.xcassets"; sourceTree = "<group>"; };
		96E4B35E29BD8FFC00459B44 /* HomePage.swift */ = {isa = PBXFileReference; lastKnownFileType = sourcecode.swift; path = HomePage.swift; sourceTree = "<group>"; };
		96E4B36029BD900E00459B44 /* FocusTimeViewModel.swift */ = {isa = PBXFileReference; lastKnownFileType = sourcecode.swift; path = FocusTimeViewModel.swift; sourceTree = "<group>"; };
/* End PBXFileReference section */

/* Begin PBXFrameworksBuildPhase section */
		96E4B34829BD8F9E00459B44 /* Frameworks */ = {
			isa = PBXFrameworksBuildPhase;
			buildActionMask = 2147483647;
			files = (
			);
			runOnlyForDeploymentPostprocessing = 0;
		};
/* End PBXFrameworksBuildPhase section */

/* Begin PBXGroup section */
		96E4B34229BD8F9E00459B44 = {
			isa = PBXGroup;
			children = (
				96E4B34D29BD8F9E00459B44 /* Pomodoro Focus Timer App */,
				96E4B34C29BD8F9E00459B44 /* Products */,
			);
			sourceTree = "<group>";
		};
		96E4B34C29BD8F9E00459B44 /* Products */ = {
			isa = PBXGroup;
			children = (
				96E4B34B29BD8F9E00459B44 /* Pomodoro Focus Timer App.app */,
			);
			name = Products;
			sourceTree = "<group>";
		};
		96E4B34D29BD8F9E00459B44 /* Pomodoro Focus Timer App */ = {
			isa = PBXGroup;
			children = (
				96E4B35D29BD8FF100459B44 /* ViewModel */,
				96E4B35C29BD8FEB00459B44 /* View */,
				96E4B34E29BD8F9E00459B44 /* Pomodoro_Focus_Timer_AppApp.swift */,
				96E4B35029BD8F9E00459B44 /* ContentView.swift */,
				96E4B35229BD8F9F00459B44 /* Assets.xcassets */,
				96E4B35429BD8F9F00459B44 /* Preview Content */,
			);
			path = "Pomodoro Focus Timer App";
			sourceTree = "<group>";
		};
		96E4B35429BD8F9F00459B44 /* Preview Content */ = {
			isa = PBXGroup;
			children = (
				96E4B35529BD8F9F00459B44 /* Preview Assets.xcassets */,
			);
			path = "Preview Content";
			sourceTree = "<group>";
		};
		96E4B35C29BD8FEB00459B44 /* View */ = {
			isa = PBXGroup;
			children = (
				96E4B35E29BD8FFC00459B44 /* HomePage.swift */,
			);
			path = View;
			sourceTree = "<group>";
		};
		96E4B35D29BD8FF100459B44 /* ViewModel */ = {
			isa = PBXGroup;
			children = (
				96E4B36029BD900E00459B44 /* FocusTimeViewModel.swift */,
			);
			path = ViewModel;
			sourceTree = "<group>";
		};
/* End PBXGroup section */

/* Begin PBXNativeTarget section */
		96E4B34A29BD8F9E00459B44 /* Pomodoro Focus Timer App */ = {
			isa = PBXNativeTarget;
			buildConfigurationList = 96E4B35929BD8F9F00459B44 /* Build configuration list for PBXNativeTarget "Pomodoro Focus Timer App" */;
			buildPhases = (
				96E4B34729BD8F9E00459B44 /* Sources */,
				96E4B34829BD8F9E00459B44 /* Frameworks */,
				96E4B34929BD8F9E00459B44 /* Resources */,
			);
			buildRules = (
			);
			dependencies = (
			);
			name = "Pomodoro Focus Timer App";
			productName = "Pomodoro Focus Timer App";
			productReference = 96E4B34B29BD8F9E00459B44 /* Pomodoro Focus Timer App.app */;
			productType = "com.apple.product-type.application";
		};
/* End PBXNativeTarget section */

/* Begin PBXProject section */
		96E4B34329BD8F9E00459B44 /* Project object */ = {
			isa = PBXProject;
			attributes = {
				BuildIndependentTargetsInParallel = 1;
				LastSwiftUpdateCheck = 1420;
				LastUpgradeCheck = 1420;
				TargetAttributes = {
					96E4B34A29BD8F9E00459B44 = {
						CreatedOnToolsVersion = 14.2;
					};
				};
			};
			buildConfigurationList = 96E4B34629BD8F9E00459B44 /* Build configuration list for PBXProject "Pomodoro Focus Timer App" */;
			compatibilityVersion = "Xcode 14.0";
			developmentRegion = en;
			hasScannedForEncodings = 0;
			knownRegions = (
				en,
				Base,
			);
			mainGroup = 96E4B34229BD8F9E00459B44;
			productRefGroup = 96E4B34C29BD8F9E00459B44 /* Products */;
			projectDirPath = "";
			projectRoot = "";
			targets = (
				96E4B34A29BD8F9E00459B44 /* Pomodoro Focus Timer App */,
			);
		};
/* End PBXProject section */

/* Begin PBXResourcesBuildPhase section */
		96E4B34929BD8F9E00459B44 /* Resources */ = {
			isa = PBXResourcesBuildPhase;
			buildActionMask = 2147483647;
			files = (
				96E4B35629BD8F9F00459B44 /* Preview Assets.xcassets in Resources */,
				96E4B35329BD8F9F00459B44 /* Assets.xcassets in Resources */,
			);
			runOnlyForDeploymentPostprocessing = 0;
		};
/* End PBXResourcesBuildPhase section */

/* Begin PBXSourcesBuildPhase section */
		96E4B34729BD8F9E00459B44 /* Sources */ = {
			isa = PBXSourcesBuildPhase;
			buildActionMask = 2147483647;
			files = (
				96E4B35129BD8F9E00459B44 /* ContentView.swift in Sources */,
				96E4B35F29BD8FFC00459B44 /* HomePage.swift in Sources */,
				96E4B36129BD900E00459B44 /* FocusTimeViewModel.swift in Sources */,
				96E4B34F29BD8F9E00459B44 /* Pomodoro_Focus_Timer_AppApp.swift in Sources */,
			);
			runOnlyForDeploymentPostprocessing = 0;
		};
/* End PBXSourcesBuildPhase section */

/* Begin XCBuildConfiguration section */
		96E4B35729BD8F9F00459B44 /* Debug */ = {
			isa = XCBuildConfiguration;
			buildSettings = {
				ALWAYS_SEARCH_USER_PATHS = NO;
				CLANG_ANALYZER_NONNULL = YES;
				CLANG_ANALYZER_NUMBER_OBJECT_CONVERSION = YES_AGGRESSIVE;
				CLANG_CXX_LANGUAGE_STANDARD = "gnu++20";
				CLANG_ENABLE_MODULES = YES;
				CLANG_ENABLE_OBJC_ARC = YES;
				CLANG_ENABLE_OBJC_WEAK = YES;
				CLANG_WARN_BLOCK_CAPTURE_AUTORELEASING = YES;
				CLANG_WARN_BOOL_CONVERSION = YES;
				CLANG_WARN_COMMA = YES;
				CLANG_WARN_CONSTANT_CONVERSION = YES;
				CLANG_WARN_DEPRECATED_OBJC_IMPLEMENTATIONS = YES;
				CLANG_WARN_DIRECT_OBJC_ISA_USAGE = YES_ERROR;
				CLANG_WARN_DOCUMENTATION_COMMENTS = YES;
				CLANG_WARN_EMPTY_BODY = YES;
				CLANG_WARN_ENUM_CONVERSION = YES;
				CLANG_WARN_INFINITE_RECURSION = YES;
				CLANG_WARN_INT_CONVERSION = YES;
				CLANG_WARN_NON_LITERAL_NULL_CONVERSION = YES;
				CLANG_WARN_OBJC_IMPLICIT_RETAIN_SELF = YES;
				CLANG_WARN_OBJC_LITERAL_CONVERSION = YES;
				CLANG_WARN_OBJC_ROOT_CLASS = YES_ERROR;
				CLANG_WARN_QUOTED_INCLUDE_IN_FRAMEWORK_HEADER = YES;
				CLANG_WARN_RANGE_LOOP_ANALYSIS = YES;
				CLANG_WARN_STRICT_PROTOTYPES = YES;
				CLANG_WARN_SUSPICIOUS_MOVE = YES;
				CLANG_WARN_UNGUARDED_AVAILABILITY = YES_AGGRESSIVE;
				CLANG_WARN_UNREACHABLE_CODE = YES;
				CLANG_WARN__DUPLICATE_METHOD_MATCH = YES;
				COPY_PHASE_STRIP = NO;
				DEBUG_INFORMATION_FORMAT = dwarf;
				ENABLE_STRICT_OBJC_MSGSEND = YES;
				ENABLE_TESTABILITY = YES;
				GCC_C_LANGUAGE_STANDARD = gnu11;
				GCC_DYNAMIC_NO_PIC = NO;
				GCC_NO_COMMON_BLOCKS = YES;
				GCC_OPTIMIZATION_LEVEL = 0;
				GCC_PREPROCESSOR_DEFINITIONS = (
					"DEBUG=1",
					"$(inherited)",
				);
				GCC_WARN_64_TO_32_BIT_CONVERSION = YES;
				GCC_WARN_ABOUT_RETURN_TYPE = YES_ERROR;
				GCC_WARN_UNDECLARED_SELECTOR = YES;
				GCC_WARN_UNINITIALIZED_AUTOS = YES_AGGRESSIVE;
				GCC_WARN_UNUSED_FUNCTION = YES;
				GCC_WARN_UNUSED_VARIABLE = YES;
				IPHONEOS_DEPLOYMENT_TARGET = 16.2;
				MTL_ENABLE_DEBUG_INFO = INCLUDE_SOURCE;
				MTL_FAST_MATH = YES;
				ONLY_ACTIVE_ARCH = YES;
				SDKROOT = iphoneos;
				SWIFT_ACTIVE_COMPILATION_CONDITIONS = DEBUG;
				SWIFT_OPTIMIZATION_LEVEL = "-Onone";
			};
			name = Debug;
		};
		96E4B35829BD8F9F00459B44 /* Release */ = {
			isa = XCBuildConfiguration;
			buildSettings = {
				ALWAYS_SEARCH_USER_PATHS = NO;
				CLANG_ANALYZER_NONNULL = YES;
				CLANG_ANALYZER_NUMBER_OBJECT_CONVERSION = YES_AGGRESSIVE;
				CLANG_CXX_LANGUAGE_STANDARD = "gnu++20";
				CLANG_ENABLE_MODULES = YES;
				CLANG_ENABLE_OBJC_ARC = YES;
				CLANG_ENABLE_OBJC_WEAK = YES;
				CLANG_WARN_BLOCK_CAPTURE_AUTORELEASING = YES;
				CLANG_WARN_BOOL_CONVERSION = YES;
				CLANG_WARN_COMMA = YES;
				CLANG_WARN_CONSTANT_CONVERSION = YES;
				CLANG_WARN_DEPRECATED_OBJC_IMPLEMENTATIONS = YES;
				CLANG_WARN_DIRECT_OBJC_ISA_USAGE = YES_ERROR;
				CLANG_WARN_DOCUMENTATION_COMMENTS = YES;
				CLANG_WARN_EMPTY_BODY = YES;
				CLANG_WARN_ENUM_CONVERSION = YES;
				CLANG_WARN_INFINITE_RECURSION = YES;
				CLANG_WARN_INT_CONVERSION = YES;
				CLANG_WARN_NON_LITERAL_NULL_CONVERSION = YES;
				CLANG_WARN_OBJC_IMPLICIT_RETAIN_SELF = YES;
				CLANG_WARN_OBJC_LITERAL_CONVERSION = YES;
				CLANG_WARN_OBJC_ROOT_CLASS = YES_ERROR;
				CLANG_WARN_QUOTED_INCLUDE_IN_FRAMEWORK_HEADER = YES;
				CLANG_WARN_RANGE_LOOP_ANALYSIS = YES;
				CLANG_WARN_STRICT_PROTOTYPES = YES;
				CLANG_WARN_SUSPICIOUS_MOVE = YES;
				CLANG_WARN_UNGUARDED_AVAILABILITY = YES_AGGRESSIVE;
				CLANG_WARN_UNREACHABLE_CODE = YES;
				CLANG_WARN__DUPLICATE_METHOD_MATCH = YES;
				COPY_PHASE_STRIP = NO;
				DEBUG_INFORMATION_FORMAT = "dwarf-with-dsym";
				ENABLE_NS_ASSERTIONS = NO;
				ENABLE_STRICT_OBJC_MSGSEND = YES;
				GCC_C_LANGUAGE_STANDARD = gnu11;
				GCC_NO_COMMON_BLOCKS = YES;
				GCC_WARN_64_TO_32_BIT_CONVERSION = YES;
				GCC_WARN_ABOUT_RETURN_TYPE = YES_ERROR;
				GCC_WARN_UNDECLARED_SELECTOR = YES;
				GCC_WARN_UNINITIALIZED_AUTOS = YES_AGGRESSIVE;
				GCC_WARN_UNUSED_FUNCTION = YES;
				GCC_WARN_UNUSED_VARIABLE = YES;
				IPHONEOS_DEPLOYMENT_TARGET = 16.2;
				MTL_ENABLE_DEBUG_INFO = NO;
				MTL_FAST_MATH = YES;
				SDKROOT = iphoneos;
				SWIFT_COMPILATION_MODE = wholemodule;
				SWIFT_OPTIMIZATION_LEVEL = "-O";
				VALIDATE_PRODUCT = YES;
			};
			name = Release;
		};
		96E4B35A29BD8F9F00459B44 /* Debug */ = {
			isa = XCBuildConfiguration;
			buildSettings = {
				ASSETCATALOG_COMPILER_APPICON_NAME = AppIcon;
				ASSETCATALOG_COMPILER_GLOBAL_ACCENT_COLOR_NAME = AccentColor;
				CODE_SIGN_STYLE = Automatic;
				CURRENT_PROJECT_VERSION = 1;
				DEVELOPMENT_ASSET_PATHS = "\"Pomodoro Focus Timer App/Preview Content\"";
				DEVELOPMENT_TEAM = R39Z8B4X78;
				ENABLE_PREVIEWS = YES;
				GENERATE_INFOPLIST_FILE = YES;
				INFOPLIST_KEY_UIApplicationSceneManifest_Generation = YES;
				INFOPLIST_KEY_UIApplicationSupportsIndirectInputEvents = YES;
				INFOPLIST_KEY_UILaunchScreen_Generation = YES;
				INFOPLIST_KEY_UISupportedInterfaceOrientations_iPad = "UIInterfaceOrientationPortrait UIInterfaceOrientationPortraitUpsideDown UIInterfaceOrientationLandscapeLeft UIInterfaceOrientationLandscapeRight";
				INFOPLIST_KEY_UISupportedInterfaceOrientations_iPhone = "UIInterfaceOrientationPortrait UIInterfaceOrientationLandscapeLeft UIInterfaceOrientationLandscapeRight";
				LD_RUNPATH_SEARCH_PATHS = (
					"$(inherited)",
					"@executable_path/Frameworks",
				);
				MARKETING_VERSION = 1.0;
				PRODUCT_BUNDLE_IDENTIFIER = "com.yonglekeji.Pomodoro-Focus-Timer-App";
				PRODUCT_NAME = "$(TARGET_NAME)";
				SWIFT_EMIT_LOC_STRINGS = YES;
				SWIFT_VERSION = 5.0;
				TARGETED_DEVICE_FAMILY = "1,2";
			};
			name = Debug;
		};
		96E4B35B29BD8F9F00459B44 /* Release */ = {
			isa = XCBuildConfiguration;
			buildSettings = {
				ASSETCATALOG_COMPILER_APPICON_NAME = AppIcon;
				ASSETCATALOG_COMPILER_GLOBAL_ACCENT_COLOR_NAME = AccentColor;
				CODE_SIGN_STYLE = Automatic;
				CURRENT_PROJECT_VERSION = 1;
				DEVELOPMENT_ASSET_PATHS = "\"Pomodoro Focus Timer App/Preview Content\"";
				DEVELOPMENT_TEAM = R39Z8B4X78;
				ENABLE_PREVIEWS = YES;
				GENERATE_INFOPLIST_FILE = YES;
				INFOPLIST_KEY_UIApplicationSceneManifest_Generation = YES;
				INFOPLIST_KEY_UIApplicationSupportsIndirectInputEvents = YES;
				INFOPLIST_KEY_UILaunchScreen_Generation = YES;
				INFOPLIST_KEY_UISupportedInterfaceOrientations_iPad = "UIInterfaceOrientationPortrait UIInterfaceOrientationPortraitUpsideDown UIInterfaceOrientationLandscapeLeft UIInterfaceOrientationLandscapeRight";
				INFOPLIST_KEY_UISupportedInterfaceOrientations_iPhone = "UIInterfaceOrientationPortrait UIInterfaceOrientationLandscapeLeft UIInterfaceOrientationLandscapeRight";
				LD_RUNPATH_SEARCH_PATHS = (
					"$(inherited)",
					"@executable_path/Frameworks",
				);
				MARKETING_VERSION = 1.0;
				PRODUCT_BUNDLE_IDENTIFIER = "com.yonglekeji.Pomodoro-Focus-Timer-App";
				PRODUCT_NAME = "$(TARGET_NAME)";
				SWIFT_EMIT_LOC_STRINGS = YES;
				SWIFT_VERSION = 5.0;
				TARGETED_DEVICE_FAMILY = "1,2";
			};
			name = Release;
		};
/* End XCBuildConfiguration section */

/* Begin XCConfigurationList section */
		96E4B34629BD8F9E00459B44 /* Build configuration list for PBXProject "Pomodoro Focus Timer App" */ = {
			isa = XCConfigurationList;
			buildConfigurations = (
				96E4B35729BD8F9F00459B44 /* Debug */,
				96E4B35829BD8F9F00459B44 /* Release */,
			);
			defaultConfigurationIsVisible = 0;
			defaultConfigurationName = Release;
		};
		96E4B35929BD8F9F00459B44 /* Build configuration list for PBXNativeTarget "Pomodoro Focus Timer App" */ = {
			isa = XCConfigurationList;
			buildConfigurations = (
				96E4B35A29BD8F9F00459B44 /* Debug */,
				96E4B35B29BD8F9F00459B44 /* Release */,
			);
			defaultConfigurationIsVisible = 0;
			defaultConfigurationName = Release;
		};
/* End XCConfigurationList section */
	};
	rootObject = 96E4B34329BD8F9E00459B44 /* Project object */;
}
