// !$*UTF8*$!
{
	archiveVersion = 1;
	classes = {
	};
	objectVersion = 56;
	objects = {

/* Begin PBXBuildFile section */
		2B139738296E5BDE007527B3 /* CoursesDetailView.swift in Sources */ = {isa = PBXBuildFile; fileRef = 2B139737296E5BDE007527B3 /* CoursesDetailView.swift */; };
		2B13973A296E5C14007527B3 /* NotificationDetailView.swift in Sources */ = {isa = PBXBuildFile; fileRef = 2B139739296E5C14007527B3 /* NotificationDetailView.swift */; };
		96BD129A296D940F00EB88D0 /* DesignCode_MockApp.swift in Sources */ = {isa = PBXBuildFile; fileRef = 96BD1299296D940F00EB88D0 /* DesignCode_MockApp.swift */; };
		96BD129C296D940F00EB88D0 /* AppDelegate.swift in Sources */ = {isa = PBXBuildFile; fileRef = 96BD129B296D940F00EB88D0 /* AppDelegate.swift */; };
		96BD129E296D941000EB88D0 /* Assets.xcassets in Resources */ = {isa = PBXBuildFile; fileRef = 96BD129D296D941000EB88D0 /* Assets.xcassets */; };
		96BD12A1296D941000EB88D0 /* Preview Assets.xcassets in Resources */ = {isa = PBXBuildFile; fileRef = 96BD12A0296D941000EB88D0 /* Preview Assets.xcassets */; };
		96BD12AA296D947300EB88D0 /* HomeView.swift in Sources */ = {isa = PBXBuildFile; fileRef = 96BD12A9296D947300EB88D0 /* HomeView.swift */; };
		96BD12AC296D947B00EB88D0 /* SettingView.swift in Sources */ = {isa = PBXBuildFile; fileRef = 96BD12AB296D947B00EB88D0 /* SettingView.swift */; };
		96BD12B0296D964700EB88D0 /* CourseItemView.swift in Sources */ = {isa = PBXBuildFile; fileRef = 96BD12AF296D964700EB88D0 /* CourseItemView.swift */; };
		96BD12B2296D965400EB88D0 /* CertificateItemView.swift in Sources */ = {isa = PBXBuildFile; fileRef = 96BD12B1296D965400EB88D0 /* CertificateItemView.swift */; };
		96BD12B4296D96A800EB88D0 /* Extensions.swift in Sources */ = {isa = PBXBuildFile; fileRef = 96BD12B3296D96A800EB88D0 /* Extensions.swift */; };
		96BD12B6296D96B500EB88D0 /* EffectView.swift in Sources */ = {isa = PBXBuildFile; fileRef = 96BD12B5296D96B500EB88D0 /* EffectView.swift */; };
		96BD12B8296D9A3100EB88D0 /* CertificateRowView.swift in Sources */ = {isa = PBXBuildFile; fileRef = 96BD12B7296D9A3100EB88D0 /* CertificateRowView.swift */; };
		96BD12BC296D9CBD00EB88D0 /* CourseRowView.swift in Sources */ = {isa = PBXBuildFile; fileRef = 96BD12BB296D9CBD00EB88D0 /* CourseRowView.swift */; };
		96BD12C0296DA9D300EB88D0 /* MenuRowView.swift in Sources */ = {isa = PBXBuildFile; fileRef = 96BD12BF296DA9D300EB88D0 /* MenuRowView.swift */; };
/* End PBXBuildFile section */

/* Begin PBXFileReference section */
		2B139737296E5BDE007527B3 /* CoursesDetailView.swift */ = {isa = PBXFileReference; lastKnownFileType = sourcecode.swift; path = CoursesDetailView.swift; sourceTree = "<group>"; };
		2B139739296E5C14007527B3 /* NotificationDetailView.swift */ = {isa = PBXFileReference; lastKnownFileType = sourcecode.swift; path = NotificationDetailView.swift; sourceTree = "<group>"; };
		96BD1296296D940F00EB88D0 /* DesignCode_Mock.app */ = {isa = PBXFileReference; explicitFileType = wrapper.application; includeInIndex = 0; path = DesignCode_Mock.app; sourceTree = BUILT_PRODUCTS_DIR; };
		96BD1299296D940F00EB88D0 /* DesignCode_MockApp.swift */ = {isa = PBXFileReference; lastKnownFileType = sourcecode.swift; path = DesignCode_MockApp.swift; sourceTree = "<group>"; };
		96BD129B296D940F00EB88D0 /* AppDelegate.swift */ = {isa = PBXFileReference; lastKnownFileType = sourcecode.swift; path = AppDelegate.swift; sourceTree = "<group>"; };
		96BD129D296D941000EB88D0 /* Assets.xcassets */ = {isa = PBXFileReference; lastKnownFileType = folder.assetcatalog; path = Assets.xcassets; sourceTree = "<group>"; };
		96BD12A0296D941000EB88D0 /* Preview Assets.xcassets */ = {isa = PBXFileReference; lastKnownFileType = folder.assetcatalog; path = "Preview Assets.xcassets"; sourceTree = "<group>"; };
		96BD12A9296D947300EB88D0 /* HomeView.swift */ = {isa = PBXFileReference; lastKnownFileType = sourcecode.swift; path = HomeView.swift; sourceTree = "<group>"; };
		96BD12AB296D947B00EB88D0 /* SettingView.swift */ = {isa = PBXFileReference; lastKnownFileType = sourcecode.swift; path = SettingView.swift; sourceTree = "<group>"; };
		96BD12AF296D964700EB88D0 /* CourseItemView.swift */ = {isa = PBXFileReference; lastKnownFileType = sourcecode.swift; path = CourseItemView.swift; sourceTree = "<group>"; };
		96BD12B1296D965400EB88D0 /* CertificateItemView.swift */ = {isa = PBXFileReference; lastKnownFileType = sourcecode.swift; path = CertificateItemView.swift; sourceTree = "<group>"; };
		96BD12B3296D96A800EB88D0 /* Extensions.swift */ = {isa = PBXFileReference; lastKnownFileType = sourcecode.swift; path = Extensions.swift; sourceTree = "<group>"; };
		96BD12B5296D96B500EB88D0 /* EffectView.swift */ = {isa = PBXFileReference; lastKnownFileType = sourcecode.swift; path = EffectView.swift; sourceTree = "<group>"; };
		96BD12B7296D9A3100EB88D0 /* CertificateRowView.swift */ = {isa = PBXFileReference; lastKnownFileType = sourcecode.swift; path = CertificateRowView.swift; sourceTree = "<group>"; };
		96BD12BB296D9CBD00EB88D0 /* CourseRowView.swift */ = {isa = PBXFileReference; lastKnownFileType = sourcecode.swift; path = CourseRowView.swift; sourceTree = "<group>"; };
		96BD12BF296DA9D300EB88D0 /* MenuRowView.swift */ = {isa = PBXFileReference; lastKnownFileType = sourcecode.swift; path = MenuRowView.swift; sourceTree = "<group>"; };
/* End PBXFileReference section */

/* Begin PBXFrameworksBuildPhase section */
		96BD1293296D940F00EB88D0 /* Frameworks */ = {
			isa = PBXFrameworksBuildPhase;
			buildActionMask = 2147483647;
			files = (
			);
			runOnlyForDeploymentPostprocessing = 0;
		};
/* End PBXFrameworksBuildPhase section */

/* Begin PBXGroup section */
		96BD128D296D940F00EB88D0 = {
			isa = PBXGroup;
			children = (
				96BD1298296D940F00EB88D0 /* DesignCode_Mock */,
				96BD1297296D940F00EB88D0 /* Products */,
			);
			sourceTree = "<group>";
		};
		96BD1297296D940F00EB88D0 /* Products */ = {
			isa = PBXGroup;
			children = (
				96BD1296296D940F00EB88D0 /* DesignCode_Mock.app */,
			);
			name = Products;
			sourceTree = "<group>";
		};
		96BD1298296D940F00EB88D0 /* DesignCode_Mock */ = {
			isa = PBXGroup;
			children = (
				96BD12A8296D942D00EB88D0 /* Components */,
				96BD12A7296D942D00EB88D0 /* Extensions */,
				96BD1299296D940F00EB88D0 /* DesignCode_MockApp.swift */,
				96BD129B296D940F00EB88D0 /* AppDelegate.swift */,
				96BD129D296D941000EB88D0 /* Assets.xcassets */,
				96BD129F296D941000EB88D0 /* Preview Content */,
				96BD12A9296D947300EB88D0 /* HomeView.swift */,
				96BD12AB296D947B00EB88D0 /* SettingView.swift */,
				2B139737296E5BDE007527B3 /* CoursesDetailView.swift */,
				2B139739296E5C14007527B3 /* NotificationDetailView.swift */,
			);
			path = DesignCode_Mock;
			sourceTree = "<group>";
		};
		96BD129F296D941000EB88D0 /* Preview Content */ = {
			isa = PBXGroup;
			children = (
				96BD12A0296D941000EB88D0 /* Preview Assets.xcassets */,
			);
			path = "Preview Content";
			sourceTree = "<group>";
		};
		96BD12A7296D942D00EB88D0 /* Extensions */ = {
			isa = PBXGroup;
			children = (
				96BD12B3296D96A800EB88D0 /* Extensions.swift */,
				96BD12B5296D96B500EB88D0 /* EffectView.swift */,
			);
			path = Extensions;
			sourceTree = "<group>";
		};
		96BD12A8296D942D00EB88D0 /* Components */ = {
			isa = PBXGroup;
			children = (
				96BD12AF296D964700EB88D0 /* CourseItemView.swift */,
				96BD12BB296D9CBD00EB88D0 /* CourseRowView.swift */,
				96BD12B1296D965400EB88D0 /* CertificateItemView.swift */,
				96BD12B7296D9A3100EB88D0 /* CertificateRowView.swift */,
				96BD12BF296DA9D300EB88D0 /* MenuRowView.swift */,
			);
			path = Components;
			sourceTree = "<group>";
		};
/* End PBXGroup section */

/* Begin PBXNativeTarget section */
		96BD1295296D940F00EB88D0 /* DesignCode_Mock */ = {
			isa = PBXNativeTarget;
			buildConfigurationList = 96BD12A4296D941000EB88D0 /* Build configuration list for PBXNativeTarget "DesignCode_Mock" */;
			buildPhases = (
				96BD1292296D940F00EB88D0 /* Sources */,
				96BD1293296D940F00EB88D0 /* Frameworks */,
				96BD1294296D940F00EB88D0 /* Resources */,
			);
			buildRules = (
			);
			dependencies = (
			);
			name = DesignCode_Mock;
			productName = DesignCode_Mock;
			productReference = 96BD1296296D940F00EB88D0 /* DesignCode_Mock.app */;
			productType = "com.apple.product-type.application";
		};
/* End PBXNativeTarget section */

/* Begin PBXProject section */
		96BD128E296D940F00EB88D0 /* Project object */ = {
			isa = PBXProject;
			attributes = {
				BuildIndependentTargetsInParallel = 1;
				LastSwiftUpdateCheck = 1420;
				LastUpgradeCheck = 1420;
				TargetAttributes = {
					96BD1295296D940F00EB88D0 = {
						CreatedOnToolsVersion = 14.2;
					};
				};
			};
			buildConfigurationList = 96BD1291296D940F00EB88D0 /* Build configuration list for PBXProject "DesignCode_Mock" */;
			compatibilityVersion = "Xcode 14.0";
			developmentRegion = en;
			hasScannedForEncodings = 0;
			knownRegions = (
				en,
				Base,
			);
			mainGroup = 96BD128D296D940F00EB88D0;
			productRefGroup = 96BD1297296D940F00EB88D0 /* Products */;
			projectDirPath = "";
			projectRoot = "";
			targets = (
				96BD1295296D940F00EB88D0 /* DesignCode_Mock */,
			);
		};
/* End PBXProject section */

/* Begin PBXResourcesBuildPhase section */
		96BD1294296D940F00EB88D0 /* Resources */ = {
			isa = PBXResourcesBuildPhase;
			buildActionMask = 2147483647;
			files = (
				96BD12A1296D941000EB88D0 /* Preview Assets.xcassets in Resources */,
				96BD129E296D941000EB88D0 /* Assets.xcassets in Resources */,
			);
			runOnlyForDeploymentPostprocessing = 0;
		};
/* End PBXResourcesBuildPhase section */

/* Begin PBXSourcesBuildPhase section */
		96BD1292296D940F00EB88D0 /* Sources */ = {
			isa = PBXSourcesBuildPhase;
			buildActionMask = 2147483647;
			files = (
				96BD12B6296D96B500EB88D0 /* EffectView.swift in Sources */,
				96BD12AA296D947300EB88D0 /* HomeView.swift in Sources */,
				96BD12AC296D947B00EB88D0 /* SettingView.swift in Sources */,
				2B139738296E5BDE007527B3 /* CoursesDetailView.swift in Sources */,
				96BD12BC296D9CBD00EB88D0 /* CourseRowView.swift in Sources */,
				96BD12C0296DA9D300EB88D0 /* MenuRowView.swift in Sources */,
				96BD12B0296D964700EB88D0 /* CourseItemView.swift in Sources */,
				96BD12B4296D96A800EB88D0 /* Extensions.swift in Sources */,
				96BD129C296D940F00EB88D0 /* AppDelegate.swift in Sources */,
				96BD129A296D940F00EB88D0 /* DesignCode_MockApp.swift in Sources */,
				2B13973A296E5C14007527B3 /* NotificationDetailView.swift in Sources */,
				96BD12B2296D965400EB88D0 /* CertificateItemView.swift in Sources */,
				96BD12B8296D9A3100EB88D0 /* CertificateRowView.swift in Sources */,
			);
			runOnlyForDeploymentPostprocessing = 0;
		};
/* End PBXSourcesBuildPhase section */

/* Begin XCBuildConfiguration section */
		96BD12A2296D941000EB88D0 /* Debug */ = {
			isa = XCBuildConfiguration;
			buildSettings = {
				ALWAYS_SEARCH_USER_PATHS = NO;
				CLANG_ANALYZER_NONNULL = YES;
				CLANG_ANALYZER_NUMBER_OBJECT_CONVERSION = YES_AGGRESSIVE;
				CLANG_CXX_LANGUAGE_STANDARD = "gnu++20";
				CLANG_ENABLE_MODULES = YES;
				CLANG_ENABLE_OBJC_ARC = YES;
				CLANG_ENABLE_OBJC_WEAK = YES;
				CLANG_WARN_BLOCK_CAPTURE_AUTORELEASING = YES;
				CLANG_WARN_BOOL_CONVERSION = YES;
				CLANG_WARN_COMMA = YES;
				CLANG_WARN_CONSTANT_CONVERSION = YES;
				CLANG_WARN_DEPRECATED_OBJC_IMPLEMENTATIONS = YES;
				CLANG_WARN_DIRECT_OBJC_ISA_USAGE = YES_ERROR;
				CLANG_WARN_DOCUMENTATION_COMMENTS = YES;
				CLANG_WARN_EMPTY_BODY = YES;
				CLANG_WARN_ENUM_CONVERSION = YES;
				CLANG_WARN_INFINITE_RECURSION = YES;
				CLANG_WARN_INT_CONVERSION = YES;
				CLANG_WARN_NON_LITERAL_NULL_CONVERSION = YES;
				CLANG_WARN_OBJC_IMPLICIT_RETAIN_SELF = YES;
				CLANG_WARN_OBJC_LITERAL_CONVERSION = YES;
				CLANG_WARN_OBJC_ROOT_CLASS = YES_ERROR;
				CLANG_WARN_QUOTED_INCLUDE_IN_FRAMEWORK_HEADER = YES;
				CLANG_WARN_RANGE_LOOP_ANALYSIS = YES;
				CLANG_WARN_STRICT_PROTOTYPES = YES;
				CLANG_WARN_SUSPICIOUS_MOVE = YES;
				CLANG_WARN_UNGUARDED_AVAILABILITY = YES_AGGRESSIVE;
				CLANG_WARN_UNREACHABLE_CODE = YES;
				CLANG_WARN__DUPLICATE_METHOD_MATCH = YES;
				COPY_PHASE_STRIP = NO;
				DEBUG_INFORMATION_FORMAT = dwarf;
				ENABLE_STRICT_OBJC_MSGSEND = YES;
				ENABLE_TESTABILITY = YES;
				GCC_C_LANGUAGE_STANDARD = gnu11;
				GCC_DYNAMIC_NO_PIC = NO;
				GCC_NO_COMMON_BLOCKS = YES;
				GCC_OPTIMIZATION_LEVEL = 0;
				GCC_PREPROCESSOR_DEFINITIONS = (
					"DEBUG=1",
					"$(inherited)",
				);
				GCC_WARN_64_TO_32_BIT_CONVERSION = YES;
				GCC_WARN_ABOUT_RETURN_TYPE = YES_ERROR;
				GCC_WARN_UNDECLARED_SELECTOR = YES;
				GCC_WARN_UNINITIALIZED_AUTOS = YES_AGGRESSIVE;
				GCC_WARN_UNUSED_FUNCTION = YES;
				GCC_WARN_UNUSED_VARIABLE = YES;
				IPHONEOS_DEPLOYMENT_TARGET = 16.2;
				MTL_ENABLE_DEBUG_INFO = INCLUDE_SOURCE;
				MTL_FAST_MATH = YES;
				ONLY_ACTIVE_ARCH = YES;
				SDKROOT = iphoneos;
				SWIFT_ACTIVE_COMPILATION_CONDITIONS = DEBUG;
				SWIFT_OPTIMIZATION_LEVEL = "-Onone";
			};
			name = Debug;
		};
		96BD12A3296D941000EB88D0 /* Release */ = {
			isa = XCBuildConfiguration;
			buildSettings = {
				ALWAYS_SEARCH_USER_PATHS = NO;
				CLANG_ANALYZER_NONNULL = YES;
				CLANG_ANALYZER_NUMBER_OBJECT_CONVERSION = YES_AGGRESSIVE;
				CLANG_CXX_LANGUAGE_STANDARD = "gnu++20";
				CLANG_ENABLE_MODULES = YES;
				CLANG_ENABLE_OBJC_ARC = YES;
				CLANG_ENABLE_OBJC_WEAK = YES;
				CLANG_WARN_BLOCK_CAPTURE_AUTORELEASING = YES;
				CLANG_WARN_BOOL_CONVERSION = YES;
				CLANG_WARN_COMMA = YES;
				CLANG_WARN_CONSTANT_CONVERSION = YES;
				CLANG_WARN_DEPRECATED_OBJC_IMPLEMENTATIONS = YES;
				CLANG_WARN_DIRECT_OBJC_ISA_USAGE = YES_ERROR;
				CLANG_WARN_DOCUMENTATION_COMMENTS = YES;
				CLANG_WARN_EMPTY_BODY = YES;
				CLANG_WARN_ENUM_CONVERSION = YES;
				CLANG_WARN_INFINITE_RECURSION = YES;
				CLANG_WARN_INT_CONVERSION = YES;
				CLANG_WARN_NON_LITERAL_NULL_CONVERSION = YES;
				CLANG_WARN_OBJC_IMPLICIT_RETAIN_SELF = YES;
				CLANG_WARN_OBJC_LITERAL_CONVERSION = YES;
				CLANG_WARN_OBJC_ROOT_CLASS = YES_ERROR;
				CLANG_WARN_QUOTED_INCLUDE_IN_FRAMEWORK_HEADER = YES;
				CLANG_WARN_RANGE_LOOP_ANALYSIS = YES;
				CLANG_WARN_STRICT_PROTOTYPES = YES;
				CLANG_WARN_SUSPICIOUS_MOVE = YES;
				CLANG_WARN_UNGUARDED_AVAILABILITY = YES_AGGRESSIVE;
				CLANG_WARN_UNREACHABLE_CODE = YES;
				CLANG_WARN__DUPLICATE_METHOD_MATCH = YES;
				COPY_PHASE_STRIP = NO;
				DEBUG_INFORMATION_FORMAT = "dwarf-with-dsym";
				ENABLE_NS_ASSERTIONS = NO;
				ENABLE_STRICT_OBJC_MSGSEND = YES;
				GCC_C_LANGUAGE_STANDARD = gnu11;
				GCC_NO_COMMON_BLOCKS = YES;
				GCC_WARN_64_TO_32_BIT_CONVERSION = YES;
				GCC_WARN_ABOUT_RETURN_TYPE = YES_ERROR;
				GCC_WARN_UNDECLARED_SELECTOR = YES;
				GCC_WARN_UNINITIALIZED_AUTOS = YES_AGGRESSIVE;
				GCC_WARN_UNUSED_FUNCTION = YES;
				GCC_WARN_UNUSED_VARIABLE = YES;
				IPHONEOS_DEPLOYMENT_TARGET = 16.2;
				MTL_ENABLE_DEBUG_INFO = NO;
				MTL_FAST_MATH = YES;
				SDKROOT = iphoneos;
				SWIFT_COMPILATION_MODE = wholemodule;
				SWIFT_OPTIMIZATION_LEVEL = "-O";
				VALIDATE_PRODUCT = YES;
			};
			name = Release;
		};
		96BD12A5296D941000EB88D0 /* Debug */ = {
			isa = XCBuildConfiguration;
			buildSettings = {
				ASSETCATALOG_COMPILER_APPICON_NAME = AppIcon;
				ASSETCATALOG_COMPILER_GLOBAL_ACCENT_COLOR_NAME = AccentColor;
				CODE_SIGN_STYLE = Automatic;
				CURRENT_PROJECT_VERSION = 1;
				DEVELOPMENT_ASSET_PATHS = "\"DesignCode_Mock/Preview Content\"";
				DEVELOPMENT_TEAM = R39Z8B4X78;
				ENABLE_PREVIEWS = YES;
				GENERATE_INFOPLIST_FILE = YES;
				INFOPLIST_KEY_UIApplicationSceneManifest_Generation = YES;
				INFOPLIST_KEY_UIApplicationSupportsIndirectInputEvents = YES;
				INFOPLIST_KEY_UILaunchScreen_Generation = YES;
				INFOPLIST_KEY_UISupportedInterfaceOrientations_iPad = "UIInterfaceOrientationPortrait UIInterfaceOrientationPortraitUpsideDown UIInterfaceOrientationLandscapeLeft UIInterfaceOrientationLandscapeRight";
				INFOPLIST_KEY_UISupportedInterfaceOrientations_iPhone = "UIInterfaceOrientationPortrait UIInterfaceOrientationLandscapeLeft UIInterfaceOrientationLandscapeRight";
				LD_RUNPATH_SEARCH_PATHS = (
					"$(inherited)",
					"@executable_path/Frameworks",
				);
				MARKETING_VERSION = 1.0;
				PRODUCT_BUNDLE_IDENTIFIER = "com.yonglekeji.DesignCode-Mock";
				PRODUCT_NAME = "$(TARGET_NAME)";
				SWIFT_EMIT_LOC_STRINGS = YES;
				SWIFT_VERSION = 5.0;
				TARGETED_DEVICE_FAMILY = "1,2";
			};
			name = Debug;
		};
		96BD12A6296D941000EB88D0 /* Release */ = {
			isa = XCBuildConfiguration;
			buildSettings = {
				ASSETCATALOG_COMPILER_APPICON_NAME = AppIcon;
				ASSETCATALOG_COMPILER_GLOBAL_ACCENT_COLOR_NAME = AccentColor;
				CODE_SIGN_STYLE = Automatic;
				CURRENT_PROJECT_VERSION = 1;
				DEVELOPMENT_ASSET_PATHS = "\"DesignCode_Mock/Preview Content\"";
				DEVELOPMENT_TEAM = R39Z8B4X78;
				ENABLE_PREVIEWS = YES;
				GENERATE_INFOPLIST_FILE = YES;
				INFOPLIST_KEY_UIApplicationSceneManifest_Generation = YES;
				INFOPLIST_KEY_UIApplicationSupportsIndirectInputEvents = YES;
				INFOPLIST_KEY_UILaunchScreen_Generation = YES;
				INFOPLIST_KEY_UISupportedInterfaceOrientations_iPad = "UIInterfaceOrientationPortrait UIInterfaceOrientationPortraitUpsideDown UIInterfaceOrientationLandscapeLeft UIInterfaceOrientationLandscapeRight";
				INFOPLIST_KEY_UISupportedInterfaceOrientations_iPhone = "UIInterfaceOrientationPortrait UIInterfaceOrientationLandscapeLeft UIInterfaceOrientationLandscapeRight";
				LD_RUNPATH_SEARCH_PATHS = (
					"$(inherited)",
					"@executable_path/Frameworks",
				);
				MARKETING_VERSION = 1.0;
				PRODUCT_BUNDLE_IDENTIFIER = "com.yonglekeji.DesignCode-Mock";
				PRODUCT_NAME = "$(TARGET_NAME)";
				SWIFT_EMIT_LOC_STRINGS = YES;
				SWIFT_VERSION = 5.0;
				TARGETED_DEVICE_FAMILY = "1,2";
			};
			name = Release;
		};
/* End XCBuildConfiguration section */

/* Begin XCConfigurationList section */
		96BD1291296D940F00EB88D0 /* Build configuration list for PBXProject "DesignCode_Mock" */ = {
			isa = XCConfigurationList;
			buildConfigurations = (
				96BD12A2296D941000EB88D0 /* Debug */,
				96BD12A3296D941000EB88D0 /* Release */,
			);
			defaultConfigurationIsVisible = 0;
			defaultConfigurationName = Release;
		};
		96BD12A4296D941000EB88D0 /* Build configuration list for PBXNativeTarget "DesignCode_Mock" */ = {
			isa = XCConfigurationList;
			buildConfigurations = (
				96BD12A5296D941000EB88D0 /* Debug */,
				96BD12A6296D941000EB88D0 /* Release */,
			);
			defaultConfigurationIsVisible = 0;
			defaultConfigurationName = Release;
		};
/* End XCConfigurationList section */
	};
	rootObject = 96BD128E296D940F00EB88D0 /* Project object */;
}
