// !$*UTF8*$!
{
	archiveVersion = 1;
	classes = {
	};
	objectVersion = 56;
	objects = {

/* Begin PBXBuildFile section */
		960FDD962A5193A40071A019 /* Extensions.swift in Sources */ = {isa = PBXBuildFile; fileRef = 960FDD952A5193A40071A019 /* Extensions.swift */; };
		960FDD982A5193E60071A019 /* HeaderView.swift in Sources */ = {isa = PBXBuildFile; fileRef = 960FDD972A5193E60071A019 /* HeaderView.swift */; };
		960FDD9A2A5194F80071A019 /* CalendarWeekView.swift in Sources */ = {isa = PBXBuildFile; fileRef = 960FDD992A5194F80071A019 /* CalendarWeekView.swift */; };
		960FDD9C2A51955E0071A019 /* TasksView.swift in Sources */ = {isa = PBXBuildFile; fileRef = 960FDD9B2A51955E0071A019 /* TasksView.swift */; };
		AB34997829BF2AB3002D88E2 /* TaskMangementApp.swift in Sources */ = {isa = PBXBuildFile; fileRef = AB34997729BF2AB3002D88E2 /* TaskMangementApp.swift */; };
		AB34997C29BF2AB4002D88E2 /* Assets.xcassets in Resources */ = {isa = PBXBuildFile; fileRef = AB34997B29BF2AB4002D88E2 /* Assets.xcassets */; };
		AB34997F29BF2AB4002D88E2 /* Preview Assets.xcassets in Resources */ = {isa = PBXBuildFile; fileRef = AB34997E29BF2AB4002D88E2 /* Preview Assets.xcassets */; };
		AB34998A29BF2AD2002D88E2 /* TaskViewModel.swift in Sources */ = {isa = PBXBuildFile; fileRef = AB34998629BF2AD2002D88E2 /* TaskViewModel.swift */; };
		AB34998B29BF2AD2002D88E2 /* Task.swift in Sources */ = {isa = PBXBuildFile; fileRef = AB34998829BF2AD2002D88E2 /* Task.swift */; };
		AB34998D29BF2AF8002D88E2 /* TaskMangement.swift in Sources */ = {isa = PBXBuildFile; fileRef = AB34998C29BF2AF8002D88E2 /* TaskMangement.swift */; };
/* End PBXBuildFile section */

/* Begin PBXFileReference section */
		960FDD952A5193A40071A019 /* Extensions.swift */ = {isa = PBXFileReference; lastKnownFileType = sourcecode.swift; path = Extensions.swift; sourceTree = "<group>"; };
		960FDD972A5193E60071A019 /* HeaderView.swift */ = {isa = PBXFileReference; lastKnownFileType = sourcecode.swift; path = HeaderView.swift; sourceTree = "<group>"; };
		960FDD992A5194F80071A019 /* CalendarWeekView.swift */ = {isa = PBXFileReference; lastKnownFileType = sourcecode.swift; path = CalendarWeekView.swift; sourceTree = "<group>"; };
		960FDD9B2A51955E0071A019 /* TasksView.swift */ = {isa = PBXFileReference; lastKnownFileType = sourcecode.swift; path = TasksView.swift; sourceTree = "<group>"; };
		AB34997429BF2AB3002D88E2 /* TaskMangement.app */ = {isa = PBXFileReference; explicitFileType = wrapper.application; includeInIndex = 0; path = TaskMangement.app; sourceTree = BUILT_PRODUCTS_DIR; };
		AB34997729BF2AB3002D88E2 /* TaskMangementApp.swift */ = {isa = PBXFileReference; lastKnownFileType = sourcecode.swift; path = TaskMangementApp.swift; sourceTree = "<group>"; };
		AB34997B29BF2AB4002D88E2 /* Assets.xcassets */ = {isa = PBXFileReference; lastKnownFileType = folder.assetcatalog; path = Assets.xcassets; sourceTree = "<group>"; };
		AB34997E29BF2AB4002D88E2 /* Preview Assets.xcassets */ = {isa = PBXFileReference; lastKnownFileType = folder.assetcatalog; path = "Preview Assets.xcassets"; sourceTree = "<group>"; };
		AB34998629BF2AD2002D88E2 /* TaskViewModel.swift */ = {isa = PBXFileReference; fileEncoding = 4; lastKnownFileType = sourcecode.swift; path = TaskViewModel.swift; sourceTree = "<group>"; };
		AB34998829BF2AD2002D88E2 /* Task.swift */ = {isa = PBXFileReference; fileEncoding = 4; lastKnownFileType = sourcecode.swift; path = Task.swift; sourceTree = "<group>"; };
		AB34998C29BF2AF8002D88E2 /* TaskMangement.swift */ = {isa = PBXFileReference; fileEncoding = 4; lastKnownFileType = sourcecode.swift; path = TaskMangement.swift; sourceTree = "<group>"; };
/* End PBXFileReference section */

/* Begin PBXFrameworksBuildPhase section */
		AB34997129BF2AB3002D88E2 /* Frameworks */ = {
			isa = PBXFrameworksBuildPhase;
			buildActionMask = 2147483647;
			files = (
			);
			runOnlyForDeploymentPostprocessing = 0;
		};
/* End PBXFrameworksBuildPhase section */

/* Begin PBXGroup section */
		AB34996B29BF2AB3002D88E2 = {
			isa = PBXGroup;
			children = (
				AB34997629BF2AB3002D88E2 /* TaskMangement */,
				AB34997529BF2AB3002D88E2 /* Products */,
			);
			sourceTree = "<group>";
		};
		AB34997529BF2AB3002D88E2 /* Products */ = {
			isa = PBXGroup;
			children = (
				AB34997429BF2AB3002D88E2 /* TaskMangement.app */,
			);
			name = Products;
			sourceTree = "<group>";
		};
		AB34997629BF2AB3002D88E2 /* TaskMangement */ = {
			isa = PBXGroup;
			children = (
				AB34998729BF2AD2002D88E2 /* Model */,
				AB34998929BF2AD2002D88E2 /* View */,
				AB34998529BF2AD2002D88E2 /* ViewModel */,
				AB34997729BF2AB3002D88E2 /* TaskMangementApp.swift */,
				AB34997B29BF2AB4002D88E2 /* Assets.xcassets */,
				AB34997D29BF2AB4002D88E2 /* Preview Content */,
				960FDD952A5193A40071A019 /* Extensions.swift */,
			);
			path = TaskMangement;
			sourceTree = "<group>";
		};
		AB34997D29BF2AB4002D88E2 /* Preview Content */ = {
			isa = PBXGroup;
			children = (
				AB34997E29BF2AB4002D88E2 /* Preview Assets.xcassets */,
			);
			path = "Preview Content";
			sourceTree = "<group>";
		};
		AB34998529BF2AD2002D88E2 /* ViewModel */ = {
			isa = PBXGroup;
			children = (
				AB34998629BF2AD2002D88E2 /* TaskViewModel.swift */,
			);
			path = ViewModel;
			sourceTree = "<group>";
		};
		AB34998729BF2AD2002D88E2 /* Model */ = {
			isa = PBXGroup;
			children = (
				AB34998829BF2AD2002D88E2 /* Task.swift */,
			);
			path = Model;
			sourceTree = "<group>";
		};
		AB34998929BF2AD2002D88E2 /* View */ = {
			isa = PBXGroup;
			children = (
				AB34998C29BF2AF8002D88E2 /* TaskMangement.swift */,
				960FDD972A5193E60071A019 /* HeaderView.swift */,
				960FDD992A5194F80071A019 /* CalendarWeekView.swift */,
				960FDD9B2A51955E0071A019 /* TasksView.swift */,
			);
			path = View;
			sourceTree = "<group>";
		};
/* End PBXGroup section */

/* Begin PBXNativeTarget section */
		AB34997329BF2AB3002D88E2 /* TaskMangement */ = {
			isa = PBXNativeTarget;
			buildConfigurationList = AB34998229BF2AB4002D88E2 /* Build configuration list for PBXNativeTarget "TaskMangement" */;
			buildPhases = (
				AB34997029BF2AB3002D88E2 /* Sources */,
				AB34997129BF2AB3002D88E2 /* Frameworks */,
				AB34997229BF2AB3002D88E2 /* Resources */,
			);
			buildRules = (
			);
			dependencies = (
			);
			name = TaskMangement;
			productName = TaskMangement;
			productReference = AB34997429BF2AB3002D88E2 /* TaskMangement.app */;
			productType = "com.apple.product-type.application";
		};
/* End PBXNativeTarget section */

/* Begin PBXProject section */
		AB34996C29BF2AB3002D88E2 /* Project object */ = {
			isa = PBXProject;
			attributes = {
				BuildIndependentTargetsInParallel = 1;
				LastSwiftUpdateCheck = 1420;
				LastUpgradeCheck = 1420;
				TargetAttributes = {
					AB34997329BF2AB3002D88E2 = {
						CreatedOnToolsVersion = 14.2;
					};
				};
			};
			buildConfigurationList = AB34996F29BF2AB3002D88E2 /* Build configuration list for PBXProject "TaskMangement" */;
			compatibilityVersion = "Xcode 14.0";
			developmentRegion = en;
			hasScannedForEncodings = 0;
			knownRegions = (
				en,
				Base,
			);
			mainGroup = AB34996B29BF2AB3002D88E2;
			productRefGroup = AB34997529BF2AB3002D88E2 /* Products */;
			projectDirPath = "";
			projectRoot = "";
			targets = (
				AB34997329BF2AB3002D88E2 /* TaskMangement */,
			);
		};
/* End PBXProject section */

/* Begin PBXResourcesBuildPhase section */
		AB34997229BF2AB3002D88E2 /* Resources */ = {
			isa = PBXResourcesBuildPhase;
			buildActionMask = 2147483647;
			files = (
				AB34997F29BF2AB4002D88E2 /* Preview Assets.xcassets in Resources */,
				AB34997C29BF2AB4002D88E2 /* Assets.xcassets in Resources */,
			);
			runOnlyForDeploymentPostprocessing = 0;
		};
/* End PBXResourcesBuildPhase section */

/* Begin PBXSourcesBuildPhase section */
		AB34997029BF2AB3002D88E2 /* Sources */ = {
			isa = PBXSourcesBuildPhase;
			buildActionMask = 2147483647;
			files = (
				960FDD962A5193A40071A019 /* Extensions.swift in Sources */,
				960FDD982A5193E60071A019 /* HeaderView.swift in Sources */,
				960FDD9A2A5194F80071A019 /* CalendarWeekView.swift in Sources */,
				960FDD9C2A51955E0071A019 /* TasksView.swift in Sources */,
				AB34998B29BF2AD2002D88E2 /* Task.swift in Sources */,
				AB34998D29BF2AF8002D88E2 /* TaskMangement.swift in Sources */,
				AB34998A29BF2AD2002D88E2 /* TaskViewModel.swift in Sources */,
				AB34997829BF2AB3002D88E2 /* TaskMangementApp.swift in Sources */,
			);
			runOnlyForDeploymentPostprocessing = 0;
		};
/* End PBXSourcesBuildPhase section */

/* Begin XCBuildConfiguration section */
		AB34998029BF2AB4002D88E2 /* Debug */ = {
			isa = XCBuildConfiguration;
			buildSettings = {
				ALWAYS_SEARCH_USER_PATHS = NO;
				CLANG_ANALYZER_NONNULL = YES;
				CLANG_ANALYZER_NUMBER_OBJECT_CONVERSION = YES_AGGRESSIVE;
				CLANG_CXX_LANGUAGE_STANDARD = "gnu++20";
				CLANG_ENABLE_MODULES = YES;
				CLANG_ENABLE_OBJC_ARC = YES;
				CLANG_ENABLE_OBJC_WEAK = YES;
				CLANG_WARN_BLOCK_CAPTURE_AUTORELEASING = YES;
				CLANG_WARN_BOOL_CONVERSION = YES;
				CLANG_WARN_COMMA = YES;
				CLANG_WARN_CONSTANT_CONVERSION = YES;
				CLANG_WARN_DEPRECATED_OBJC_IMPLEMENTATIONS = YES;
				CLANG_WARN_DIRECT_OBJC_ISA_USAGE = YES_ERROR;
				CLANG_WARN_DOCUMENTATION_COMMENTS = YES;
				CLANG_WARN_EMPTY_BODY = YES;
				CLANG_WARN_ENUM_CONVERSION = YES;
				CLANG_WARN_INFINITE_RECURSION = YES;
				CLANG_WARN_INT_CONVERSION = YES;
				CLANG_WARN_NON_LITERAL_NULL_CONVERSION = YES;
				CLANG_WARN_OBJC_IMPLICIT_RETAIN_SELF = YES;
				CLANG_WARN_OBJC_LITERAL_CONVERSION = YES;
				CLANG_WARN_OBJC_ROOT_CLASS = YES_ERROR;
				CLANG_WARN_QUOTED_INCLUDE_IN_FRAMEWORK_HEADER = YES;
				CLANG_WARN_RANGE_LOOP_ANALYSIS = YES;
				CLANG_WARN_STRICT_PROTOTYPES = YES;
				CLANG_WARN_SUSPICIOUS_MOVE = YES;
				CLANG_WARN_UNGUARDED_AVAILABILITY = YES_AGGRESSIVE;
				CLANG_WARN_UNREACHABLE_CODE = YES;
				CLANG_WARN__DUPLICATE_METHOD_MATCH = YES;
				COPY_PHASE_STRIP = NO;
				DEBUG_INFORMATION_FORMAT = dwarf;
				ENABLE_STRICT_OBJC_MSGSEND = YES;
				ENABLE_TESTABILITY = YES;
				GCC_C_LANGUAGE_STANDARD = gnu11;
				GCC_DYNAMIC_NO_PIC = NO;
				GCC_NO_COMMON_BLOCKS = YES;
				GCC_OPTIMIZATION_LEVEL = 0;
				GCC_PREPROCESSOR_DEFINITIONS = (
					"DEBUG=1",
					"$(inherited)",
				);
				GCC_WARN_64_TO_32_BIT_CONVERSION = YES;
				GCC_WARN_ABOUT_RETURN_TYPE = YES_ERROR;
				GCC_WARN_UNDECLARED_SELECTOR = YES;
				GCC_WARN_UNINITIALIZED_AUTOS = YES_AGGRESSIVE;
				GCC_WARN_UNUSED_FUNCTION = YES;
				GCC_WARN_UNUSED_VARIABLE = YES;
				IPHONEOS_DEPLOYMENT_TARGET = 16.2;
				MTL_ENABLE_DEBUG_INFO = INCLUDE_SOURCE;
				MTL_FAST_MATH = YES;
				ONLY_ACTIVE_ARCH = YES;
				SDKROOT = iphoneos;
				SWIFT_ACTIVE_COMPILATION_CONDITIONS = DEBUG;
				SWIFT_OPTIMIZATION_LEVEL = "-Onone";
			};
			name = Debug;
		};
		AB34998129BF2AB4002D88E2 /* Release */ = {
			isa = XCBuildConfiguration;
			buildSettings = {
				ALWAYS_SEARCH_USER_PATHS = NO;
				CLANG_ANALYZER_NONNULL = YES;
				CLANG_ANALYZER_NUMBER_OBJECT_CONVERSION = YES_AGGRESSIVE;
				CLANG_CXX_LANGUAGE_STANDARD = "gnu++20";
				CLANG_ENABLE_MODULES = YES;
				CLANG_ENABLE_OBJC_ARC = YES;
				CLANG_ENABLE_OBJC_WEAK = YES;
				CLANG_WARN_BLOCK_CAPTURE_AUTORELEASING = YES;
				CLANG_WARN_BOOL_CONVERSION = YES;
				CLANG_WARN_COMMA = YES;
				CLANG_WARN_CONSTANT_CONVERSION = YES;
				CLANG_WARN_DEPRECATED_OBJC_IMPLEMENTATIONS = YES;
				CLANG_WARN_DIRECT_OBJC_ISA_USAGE = YES_ERROR;
				CLANG_WARN_DOCUMENTATION_COMMENTS = YES;
				CLANG_WARN_EMPTY_BODY = YES;
				CLANG_WARN_ENUM_CONVERSION = YES;
				CLANG_WARN_INFINITE_RECURSION = YES;
				CLANG_WARN_INT_CONVERSION = YES;
				CLANG_WARN_NON_LITERAL_NULL_CONVERSION = YES;
				CLANG_WARN_OBJC_IMPLICIT_RETAIN_SELF = YES;
				CLANG_WARN_OBJC_LITERAL_CONVERSION = YES;
				CLANG_WARN_OBJC_ROOT_CLASS = YES_ERROR;
				CLANG_WARN_QUOTED_INCLUDE_IN_FRAMEWORK_HEADER = YES;
				CLANG_WARN_RANGE_LOOP_ANALYSIS = YES;
				CLANG_WARN_STRICT_PROTOTYPES = YES;
				CLANG_WARN_SUSPICIOUS_MOVE = YES;
				CLANG_WARN_UNGUARDED_AVAILABILITY = YES_AGGRESSIVE;
				CLANG_WARN_UNREACHABLE_CODE = YES;
				CLANG_WARN__DUPLICATE_METHOD_MATCH = YES;
				COPY_PHASE_STRIP = NO;
				DEBUG_INFORMATION_FORMAT = "dwarf-with-dsym";
				ENABLE_NS_ASSERTIONS = NO;
				ENABLE_STRICT_OBJC_MSGSEND = YES;
				GCC_C_LANGUAGE_STANDARD = gnu11;
				GCC_NO_COMMON_BLOCKS = YES;
				GCC_WARN_64_TO_32_BIT_CONVERSION = YES;
				GCC_WARN_ABOUT_RETURN_TYPE = YES_ERROR;
				GCC_WARN_UNDECLARED_SELECTOR = YES;
				GCC_WARN_UNINITIALIZED_AUTOS = YES_AGGRESSIVE;
				GCC_WARN_UNUSED_FUNCTION = YES;
				GCC_WARN_UNUSED_VARIABLE = YES;
				IPHONEOS_DEPLOYMENT_TARGET = 16.2;
				MTL_ENABLE_DEBUG_INFO = NO;
				MTL_FAST_MATH = YES;
				SDKROOT = iphoneos;
				SWIFT_COMPILATION_MODE = wholemodule;
				SWIFT_OPTIMIZATION_LEVEL = "-O";
				VALIDATE_PRODUCT = YES;
			};
			name = Release;
		};
		AB34998329BF2AB4002D88E2 /* Debug */ = {
			isa = XCBuildConfiguration;
			buildSettings = {
				ASSETCATALOG_COMPILER_APPICON_NAME = AppIcon;
				ASSETCATALOG_COMPILER_GLOBAL_ACCENT_COLOR_NAME = AccentColor;
				CODE_SIGN_STYLE = Automatic;
				CURRENT_PROJECT_VERSION = 1;
				DEVELOPMENT_ASSET_PATHS = "\"TaskMangement/Preview Content\"";
				DEVELOPMENT_TEAM = R39Z8B4X78;
				ENABLE_PREVIEWS = YES;
				GENERATE_INFOPLIST_FILE = YES;
				INFOPLIST_KEY_UIApplicationSceneManifest_Generation = YES;
				INFOPLIST_KEY_UIApplicationSupportsIndirectInputEvents = YES;
				INFOPLIST_KEY_UILaunchScreen_Generation = YES;
				INFOPLIST_KEY_UISupportedInterfaceOrientations_iPad = "UIInterfaceOrientationPortrait UIInterfaceOrientationPortraitUpsideDown UIInterfaceOrientationLandscapeLeft UIInterfaceOrientationLandscapeRight";
				INFOPLIST_KEY_UISupportedInterfaceOrientations_iPhone = "UIInterfaceOrientationPortrait UIInterfaceOrientationLandscapeLeft UIInterfaceOrientationLandscapeRight";
				LD_RUNPATH_SEARCH_PATHS = (
					"$(inherited)",
					"@executable_path/Frameworks",
				);
				MARKETING_VERSION = 1.0;
				PRODUCT_BUNDLE_IDENTIFIER = com.yonglekeji.TaskMangement;
				PRODUCT_NAME = "$(TARGET_NAME)";
				SWIFT_EMIT_LOC_STRINGS = YES;
				SWIFT_VERSION = 5.0;
				TARGETED_DEVICE_FAMILY = "1,2";
			};
			name = Debug;
		};
		AB34998429BF2AB4002D88E2 /* Release */ = {
			isa = XCBuildConfiguration;
			buildSettings = {
				ASSETCATALOG_COMPILER_APPICON_NAME = AppIcon;
				ASSETCATALOG_COMPILER_GLOBAL_ACCENT_COLOR_NAME = AccentColor;
				CODE_SIGN_STYLE = Automatic;
				CURRENT_PROJECT_VERSION = 1;
				DEVELOPMENT_ASSET_PATHS = "\"TaskMangement/Preview Content\"";
				DEVELOPMENT_TEAM = R39Z8B4X78;
				ENABLE_PREVIEWS = YES;
				GENERATE_INFOPLIST_FILE = YES;
				INFOPLIST_KEY_UIApplicationSceneManifest_Generation = YES;
				INFOPLIST_KEY_UIApplicationSupportsIndirectInputEvents = YES;
				INFOPLIST_KEY_UILaunchScreen_Generation = YES;
				INFOPLIST_KEY_UISupportedInterfaceOrientations_iPad = "UIInterfaceOrientationPortrait UIInterfaceOrientationPortraitUpsideDown UIInterfaceOrientationLandscapeLeft UIInterfaceOrientationLandscapeRight";
				INFOPLIST_KEY_UISupportedInterfaceOrientations_iPhone = "UIInterfaceOrientationPortrait UIInterfaceOrientationLandscapeLeft UIInterfaceOrientationLandscapeRight";
				LD_RUNPATH_SEARCH_PATHS = (
					"$(inherited)",
					"@executable_path/Frameworks",
				);
				MARKETING_VERSION = 1.0;
				PRODUCT_BUNDLE_IDENTIFIER = com.yonglekeji.TaskMangement;
				PRODUCT_NAME = "$(TARGET_NAME)";
				SWIFT_EMIT_LOC_STRINGS = YES;
				SWIFT_VERSION = 5.0;
				TARGETED_DEVICE_FAMILY = "1,2";
			};
			name = Release;
		};
/* End XCBuildConfiguration section */

/* Begin XCConfigurationList section */
		AB34996F29BF2AB3002D88E2 /* Build configuration list for PBXProject "TaskMangement" */ = {
			isa = XCConfigurationList;
			buildConfigurations = (
				AB34998029BF2AB4002D88E2 /* Debug */,
				AB34998129BF2AB4002D88E2 /* Release */,
			);
			defaultConfigurationIsVisible = 0;
			defaultConfigurationName = Release;
		};
		AB34998229BF2AB4002D88E2 /* Build configuration list for PBXNativeTarget "TaskMangement" */ = {
			isa = XCConfigurationList;
			buildConfigurations = (
				AB34998329BF2AB4002D88E2 /* Debug */,
				AB34998429BF2AB4002D88E2 /* Release */,
			);
			defaultConfigurationIsVisible = 0;
			defaultConfigurationName = Release;
		};
/* End XCConfigurationList section */
	};
	rootObject = AB34996C29BF2AB3002D88E2 /* Project object */;
}
